{
  "name": "dn-middleware-compress",
  "version": "1.0.4",
  "lockfileVersion": 1,
  "requires": true,
  "dependencies": {
    "@types/mkdirp": {
      "version": "0.5.2",
      "resolved": "http://registry.npm.alibaba-inc.com/@types/mkdirp/download/@types/mkdirp-0.5.2.tgz",
      "integrity": "sha1-UDqs/lzCcD1UhDJrGyfvpnoznB8=",
      "requires": {
        "@types/node": "*"
      }
    },
    "@types/mz": {
      "version": "0.0.32",
      "resolved": "http://registry.npm.alibaba-inc.com/@types/mz/download/@types/mz-0.0.32.tgz",
      "integrity": "sha1-6CSLTkFCTAUu3Bcl3TNlDDE6Nlk=",
      "requires": {
        "@types/node": "*"
      }
    },
    "@types/node": {
      "version": "11.12.2",
      "resolved": "http://registry.npm.alibaba-inc.com/@types/node/download/@types/node-11.12.2.tgz",
      "integrity": "sha1-1/MC50sQ6YAdUoUhN/ZS2e4jXag="
    },
    "any-promise": {
      "version": "1.3.0",
      "resolved": "http://registry.npm.alibaba-inc.com/any-promise/download/any-promise-1.3.0.tgz",
      "integrity": "sha1-q8av7tzqUugJzcA3au0845Y10X8="
    },
    "buffer-from": {
      "version": "1.1.1",
      "resolved": "https://registry.npm.taobao.org/buffer-from/download/buffer-from-1.1.1.tgz",
      "integrity": "sha1-MnE7wCj3XAL9txDXx7zsHyxgcO8="
    },
    "clean-css": {
      "version": "4.2.1",
      "resolved": "http://registry.npm.alibaba-inc.com/clean-css/download/clean-css-4.2.1.tgz",
      "integrity": "sha1-LUEe92uFabbQyEBo2r6FsKpeXBc=",
      "requires": {
        "source-map": "~0.6.0"
      }
    },
    "commander": {
      "version": "2.19.0",
      "resolved": "http://registry.npm.alibaba-inc.com/commander/download/commander-2.19.0.tgz",
      "integrity": "sha1-9hmKqE5bg8RgVLlN3tv+1e6f8So="
    },
    "debug": {
      "version": "3.2.6",
      "resolved": "http://registry.npm.alibaba-inc.com/debug/download/debug-3.2.6.tgz",
      "integrity": "sha1-6D0X3hbYp++3cX7b5fsQE17uYps=",
      "requires": {
        "ms": "^2.1.1"
      }
    },
    "dn-middleware-pkginfo": {
      "version": "1.1.2",
      "resolved": "http://registry.npm.alibaba-inc.com/dn-middleware-pkginfo/download/dn-middleware-pkginfo-1.1.2.tgz",
      "integrity": "sha1-gEYJAivrmpxTBT3Ind+S3zTD/j0=",
      "dev": true
    },
    "minimist": {
      "version": "0.0.8",
      "resolved": "http://registry.npm.alibaba-inc.com/minimist/download/minimist-0.0.8.tgz",
      "integrity": "sha1-hX/Kv8M5fSYluCKCYuhqp6ARsF0="
    },
    "mkdirp": {
      "version": "0.5.1",
      "resolved": "http://registry.npm.alibaba-inc.com/mkdirp/download/mkdirp-0.5.1.tgz",
      "integrity": "sha1-MAV0OOrGz3+MR2fzhkjWaX11yQM=",
      "requires": {
        "minimist": "0.0.8"
      }
    },
    "ms": {
      "version": "2.1.1",
      "resolved": "http://registry.npm.alibaba-inc.com/ms/download/ms-2.1.1.tgz",
      "integrity": "sha1-MKWGTrPrsKZvLr5tcnrwagnYbgo="
    },
    "mz": {
      "version": "2.7.0",
      "resolved": "http://registry.npm.alibaba-inc.com/mz/download/mz-2.7.0.tgz",
      "integrity": "sha1-lQCAV6Vsr63CvGPd5/n/aVWUjjI=",
      "requires": {
        "any-promise": "^1.0.0",
        "object-assign": "^4.0.1",
        "thenify-all": "^1.0.0"
      }
    },
    "ntils": {
      "version": "4.0.7",
      "resolved": "http://registry.npm.alibaba-inc.com/ntils/download/ntils-4.0.7.tgz",
      "integrity": "sha1-ixES2NjUqrAVLHV8NvW1erVpU3U="
    },
    "object-assign": {
      "version": "4.1.1",
      "resolved": "http://registry.npm.alibaba-inc.com/object-assign/download/object-assign-4.1.1.tgz",
      "integrity": "sha1-IQmtx5ZYh8/AXLvUQsrIv7s2CGM="
    },
    "safeify": {
      "version": "5.0.3",
      "resolved": "http://registry.npm.alibaba-inc.com/safeify/download/safeify-5.0.3.tgz",
      "integrity": "sha1-k1/ZDLXsXdK9CETo7u245Lrhl/c=",
      "requires": {
        "@types/mkdirp": "^0.5.2",
        "@types/mz": "^0.0.32",
        "debug": "^3.1.0",
        "mkdirp": "^0.5.1",
        "mz": "^2.7.0",
        "ntils": "^4.0.0",
        "shify": "^3.0.6",
        "vm2": "^3.5.2"
      }
    },
    "shify": {
      "version": "3.0.6",
      "resolved": "http://registry.npm.alibaba-inc.com/shify/download/shify-3.0.6.tgz",
      "integrity": "sha1-TfJ+e4W66IRGmkdouI8vJ4QFEDs=",
      "requires": {
        "ntils": "^2.1.2",
        "stp": "^0.0.4"
      },
      "dependencies": {
        "ntils": {
          "version": "2.1.2",
          "resolved": "http://registry.npm.alibaba-inc.com/ntils/download/ntils-2.1.2.tgz",
          "integrity": "sha1-d9PWWD6PycuzydjlsX+RpV2EKq8="
        }
      }
    },
    "source-map": {
      "version": "0.6.1",
      "resolved": "http://registry.npm.alibaba-inc.com/source-map/download/source-map-0.6.1.tgz",
      "integrity": "sha1-dHIq8y6WFOnCh6jQu95IteLxomM="
    },
    "source-map-support": {
      "version": "0.5.13",
      "resolved": "https://registry.npm.taobao.org/source-map-support/download/source-map-support-0.5.13.tgz",
      "integrity": "sha1-MbJKnC5zwt6FBmwP631Edn7VKTI=",
      "requires": {
        "buffer-from": "^1.0.0",
        "source-map": "^0.6.0"
      }
    },
    "stp": {
      "version": "0.0.4",
      "resolved": "http://registry.npm.alibaba-inc.com/stp/download/stp-0.0.4.tgz",
      "integrity": "sha1-72vVDhs6Ec96+m7BZeJH3+DBeYI="
    },
    "terser": {
      "version": "4.3.8",
      "resolved": "https://registry.npm.taobao.org/terser/download/terser-4.3.8.tgz",
      "integrity": "sha1-cH8F8/TBxwyEDmJq3f2xwVihcTY=",
      "requires": {
        "commander": "^2.20.0",
        "source-map": "~0.6.1",
        "source-map-support": "~0.5.12"
      },
      "dependencies": {
        "commander": {
          "version": "2.20.3",
          "resolved": "https://registry.npm.taobao.org/commander/download/commander-2.20.3.tgz?cache=0&other_urls=https%3A%2F%2Fregistry.npm.taobao.org%2Fcommander%2Fdownload%2Fcommander-2.20.3.tgz",
          "integrity": "sha1-/UhehMA+tIgcIHIrpIA16FMa6zM="
        }
      }
    },
    "thenify": {
      "version": "3.3.0",
      "resolved": "http://registry.npm.alibaba-inc.com/thenify/download/thenify-3.3.0.tgz",
      "integrity": "sha1-5p44obq+lpsBCCB5eLn2K4hgSDk=",
      "requires": {
        "any-promise": "^1.0.0"
      }
    },
    "thenify-all": {
      "version": "1.6.0",
      "resolved": "http://registry.npm.alibaba-inc.com/thenify-all/download/thenify-all-1.6.0.tgz",
      "integrity": "sha1-GhkY1ALY/D+Y+/I02wvMjMEOlyY=",
      "requires": {
        "thenify": ">= 3.1.0 < 4"
      }
    },
    "uglify-js": {
      "version": "3.5.2",
      "resolved": "http://registry.npm.alibaba-inc.com/uglify-js/download/uglify-js-3.5.2.tgz",
      "integrity": "sha1-3Ax6wtoKS30V6EJmgY/zDoJSlHQ=",
      "requires": {
        "commander": "~2.19.0",
        "source-map": "~0.6.1"
      }
    },
    "vm2": {
      "version": "3.6.10",
      "resolved": "http://registry.npm.alibaba-inc.com/vm2/download/vm2-3.6.10.tgz",
      "integrity": "sha1-qQZsOEmtij6jW5wM95plic5uPL4="
    }
  }
}
