{
  "name": "dn-middleware-compress",
  "version": "1.0.2",
  "lockfileVersion": 1,
  "requires": true,
  "dependencies": {
    "@ali/dn-middleware-query": {
      "version": "1.2.9",
      "resolved": "http://registry.npm.alibaba-inc.com/@ali/dn-middleware-query/download/@ali/dn-middleware-query-1.2.9.tgz",
      "integrity": "sha1-s+1iAh0FMxsUGsd+94XhvxZF2sw=",
      "dev": true,
      "requires": {
        "koa": "^2.6.2",
        "koa-simple-cors": "^1.0.0",
        "oneport": "^1.0.2",
        "yamlql-client": "^1.1.2",
        "yamlql-koa": "^2.0.0"
      }
    },
    "@ali/dn-middleware-stats": {
      "version": "1.0.9",
      "resolved": "http://registry.npm.alibaba-inc.com/@ali/dn-middleware-stats/download/@ali/dn-middleware-stats-1.0.9.tgz",
      "integrity": "sha1-0H4PKgWZMQ7D0g71P5VIoyEcziE=",
      "dev": true,
      "requires": {
        "node-fetch": "^2.3.0"
      }
    },
    "@types/axios": {
      "version": "0.14.0",
      "resolved": "http://registry.npm.alibaba-inc.com/@types/axios/download/@types/axios-0.14.0.tgz",
      "integrity": "sha1-7CMA++fX3d1+udOr+HmZlkyvzkY=",
      "dev": true,
      "requires": {
        "axios": "*"
      }
    },
    "@types/classnames": {
      "version": "2.2.7",
      "resolved": "http://registry.npm.alibaba-inc.com/@types/classnames/download/@types/classnames-2.2.7.tgz",
      "integrity": "sha1-+2jMm+hIfm6lsTcA51m/urfg/v0=",
      "dev": true
    },
    "@types/mkdirp": {
      "version": "0.5.2",
      "resolved": "http://registry.npm.alibaba-inc.com/@types/mkdirp/download/@types/mkdirp-0.5.2.tgz",
      "integrity": "sha1-UDqs/lzCcD1UhDJrGyfvpnoznB8=",
      "requires": {
        "@types/node": "*"
      }
    },
    "@types/mz": {
      "version": "0.0.32",
      "resolved": "http://registry.npm.alibaba-inc.com/@types/mz/download/@types/mz-0.0.32.tgz",
      "integrity": "sha1-6CSLTkFCTAUu3Bcl3TNlDDE6Nlk=",
      "requires": {
        "@types/node": "*"
      }
    },
    "@types/node": {
      "version": "11.12.2",
      "resolved": "http://registry.npm.alibaba-inc.com/@types/node/download/@types/node-11.12.2.tgz",
      "integrity": "sha1-1/MC50sQ6YAdUoUhN/ZS2e4jXag="
    },
    "@types/prop-types": {
      "version": "15.7.0",
      "resolved": "http://registry.npm.alibaba-inc.com/@types/prop-types/download/@types/prop-types-15.7.0.tgz",
      "integrity": "sha1-TEj+2VjW3PlIcZWg72RW1fbgFjo=",
      "dev": true
    },
    "@types/react": {
      "version": "16.8.10",
      "resolved": "http://registry.npm.alibaba-inc.com/@types/react/download/@types/react-16.8.10.tgz",
      "integrity": "sha1-HMtv3hf3GmLvBVOC7Gi9w3nU2Nk=",
      "dev": true,
      "requires": {
        "@types/prop-types": "*",
        "csstype": "^2.2.0"
      }
    },
    "@types/react-dom": {
      "version": "16.8.3",
      "resolved": "http://registry.npm.alibaba-inc.com/@types/react-dom/download/@types/react-dom-16.8.3.tgz",
      "integrity": "sha1-YTG3thWLx+0ZJaM3S4i3wASB8Ms=",
      "dev": true,
      "requires": {
        "@types/react": "*"
      }
    },
    "@types/react-monaco-editor": {
      "version": "0.10.1",
      "resolved": "http://registry.npm.alibaba-inc.com/@types/react-monaco-editor/download/@types/react-monaco-editor-0.10.1.tgz",
      "integrity": "sha1-fb6g2nqRCbB94D6lnbGT6hqTdS4=",
      "dev": true,
      "requires": {
        "@types/react": "*",
        "monaco-editor": "^0.10.0"
      },
      "dependencies": {
        "monaco-editor": {
          "version": "0.10.1",
          "resolved": "http://registry.npm.alibaba-inc.com/monaco-editor/download/monaco-editor-0.10.1.tgz",
          "integrity": "sha1-jJbE8VtrUli/ksvek8rYp+MAfhQ=",
          "dev": true
        }
      }
    },
    "accepts": {
      "version": "1.3.5",
      "resolved": "http://registry.npm.alibaba-inc.com/accepts/download/accepts-1.3.5.tgz",
      "integrity": "sha1-63d99gEXI6OxTopywIBcjoZ0a9I=",
      "dev": true,
      "requires": {
        "mime-types": "~2.1.18",
        "negotiator": "0.6.1"
      }
    },
    "any-promise": {
      "version": "1.3.0",
      "resolved": "http://registry.npm.alibaba-inc.com/any-promise/download/any-promise-1.3.0.tgz",
      "integrity": "sha1-q8av7tzqUugJzcA3au0845Y10X8="
    },
    "argparse": {
      "version": "1.0.10",
      "resolved": "http://registry.npm.alibaba-inc.com/argparse/download/argparse-1.0.10.tgz",
      "integrity": "sha1-vNZ5HqWuCXJeF+WtmIE0zUCz2RE=",
      "dev": true,
      "requires": {
        "sprintf-js": "~1.0.2"
      }
    },
    "array-flatten": {
      "version": "1.1.1",
      "resolved": "http://registry.npm.alibaba-inc.com/array-flatten/download/array-flatten-1.1.1.tgz",
      "integrity": "sha1-ml9pkFGx5wczKPKgCJaLZOopVdI=",
      "dev": true
    },
    "axios": {
      "version": "0.18.0",
      "resolved": "http://registry.npm.alibaba-inc.com/axios/download/axios-0.18.0.tgz",
      "integrity": "sha1-MtU+SFHv3AoRmTts0AB4nXDAUQI=",
      "dev": true,
      "requires": {
        "follow-redirects": "^1.3.0",
        "is-buffer": "^1.1.5"
      }
    },
    "body-parser": {
      "version": "1.18.3",
      "resolved": "http://registry.npm.alibaba-inc.com/body-parser/download/body-parser-1.18.3.tgz",
      "integrity": "sha1-WykhmP/dVTs6DyDe0FkrlWlVyLQ=",
      "dev": true,
      "requires": {
        "bytes": "3.0.0",
        "content-type": "~1.0.4",
        "debug": "2.6.9",
        "depd": "~1.1.2",
        "http-errors": "~1.6.3",
        "iconv-lite": "0.4.23",
        "on-finished": "~2.3.0",
        "qs": "6.5.2",
        "raw-body": "2.3.3",
        "type-is": "~1.6.16"
      },
      "dependencies": {
        "debug": {
          "version": "2.6.9",
          "resolved": "http://registry.npm.alibaba-inc.com/debug/download/debug-2.6.9.tgz",
          "integrity": "sha1-XRKFFd8TT/Mn6QpMk/Tgd6U2NB8=",
          "dev": true,
          "requires": {
            "ms": "2.0.0"
          }
        },
        "http-errors": {
          "version": "1.6.3",
          "resolved": "http://registry.npm.alibaba-inc.com/http-errors/download/http-errors-1.6.3.tgz",
          "integrity": "sha1-i1VoC7S+KDoLW/TqLjhYC+HZMg0=",
          "dev": true,
          "requires": {
            "depd": "~1.1.2",
            "inherits": "2.0.3",
            "setprototypeof": "1.1.0",
            "statuses": ">= 1.4.0 < 2"
          }
        },
        "ms": {
          "version": "2.0.0",
          "resolved": "http://registry.npm.alibaba-inc.com/ms/download/ms-2.0.0.tgz",
          "integrity": "sha1-VgiurfwAvmwpAd9fmGF4jeDVl8g=",
          "dev": true
        },
        "setprototypeof": {
          "version": "1.1.0",
          "resolved": "http://registry.npm.alibaba-inc.com/setprototypeof/download/setprototypeof-1.1.0.tgz",
          "integrity": "sha1-0L2FU2iHtv58DYGMuWLZ2RxU5lY=",
          "dev": true
        }
      }
    },
    "bytes": {
      "version": "3.0.0",
      "resolved": "http://registry.npm.alibaba-inc.com/bytes/download/bytes-3.0.0.tgz",
      "integrity": "sha1-0ygVQE1olpn4Wk6k+odV3ROpYEg=",
      "dev": true
    },
    "cache-content-type": {
      "version": "1.0.1",
      "resolved": "http://registry.npm.alibaba-inc.com/cache-content-type/download/cache-content-type-1.0.1.tgz",
      "integrity": "sha1-A1zeKwjuISn0qDFeqPAKANuhRTw=",
      "dev": true,
      "requires": {
        "mime-types": "^2.1.18",
        "ylru": "^1.2.0"
      }
    },
    "cify": {
      "version": "2.1.12",
      "resolved": "http://registry.npm.alibaba-inc.com/cify/download/cify-2.1.12.tgz",
      "integrity": "sha1-QMJpBv62heLyqM73nJvTwpElgEs=",
      "dev": true,
      "requires": {
        "ntils": "^3.1.9"
      },
      "dependencies": {
        "ntils": {
          "version": "3.1.11",
          "resolved": "http://registry.npm.alibaba-inc.com/ntils/download/ntils-3.1.11.tgz",
          "integrity": "sha1-Zyw2Rv2H0Gaal4bMWS7F7xrW9d4=",
          "dev": true
        }
      }
    },
    "classnames": {
      "version": "2.2.6",
      "resolved": "http://registry.npm.alibaba-inc.com/classnames/download/classnames-2.2.6.tgz",
      "integrity": "sha1-Q5Nb/90pHzJtrQogUwmzjQD2UM4=",
      "dev": true
    },
    "clean-css": {
      "version": "4.2.1",
      "resolved": "http://registry.npm.alibaba-inc.com/clean-css/download/clean-css-4.2.1.tgz",
      "integrity": "sha1-LUEe92uFabbQyEBo2r6FsKpeXBc=",
      "requires": {
        "source-map": "~0.6.0"
      }
    },
    "co": {
      "version": "4.6.0",
      "resolved": "http://registry.npm.alibaba-inc.com/co/download/co-4.6.0.tgz",
      "integrity": "sha1-bqa989hTrlTMuOR7+gvz+QMfsYQ=",
      "dev": true
    },
    "co-body": {
      "version": "6.0.0",
      "resolved": "http://registry.npm.alibaba-inc.com/co-body/download/co-body-6.0.0.tgz",
      "integrity": "sha1-lluTN9f1ZVSAeHRx9CN2ZIIIJ+M=",
      "dev": true,
      "requires": {
        "inflation": "^2.0.0",
        "qs": "^6.5.2",
        "raw-body": "^2.3.3",
        "type-is": "^1.6.16"
      }
    },
    "commander": {
      "version": "2.19.0",
      "resolved": "http://registry.npm.alibaba-inc.com/commander/download/commander-2.19.0.tgz",
      "integrity": "sha1-9hmKqE5bg8RgVLlN3tv+1e6f8So="
    },
    "content-disposition": {
      "version": "0.5.3",
      "resolved": "http://registry.npm.alibaba-inc.com/content-disposition/download/content-disposition-0.5.3.tgz",
      "integrity": "sha1-4TDK9+cnkIfFYWwgB9BIVpiYT70=",
      "dev": true,
      "requires": {
        "safe-buffer": "5.1.2"
      }
    },
    "content-type": {
      "version": "1.0.4",
      "resolved": "http://registry.npm.alibaba-inc.com/content-type/download/content-type-1.0.4.tgz",
      "integrity": "sha1-4TjMdeBAxyexlm/l5fjJruJW/js=",
      "dev": true
    },
    "cookie": {
      "version": "0.3.1",
      "resolved": "http://registry.npm.alibaba-inc.com/cookie/download/cookie-0.3.1.tgz",
      "integrity": "sha1-5+Ch+e9DtMi6klxcWpboBtFoc7s=",
      "dev": true
    },
    "cookie-signature": {
      "version": "1.0.6",
      "resolved": "http://registry.npm.alibaba-inc.com/cookie-signature/download/cookie-signature-1.0.6.tgz",
      "integrity": "sha1-4wOogrNCzD7oylE6eZmXNNqzriw=",
      "dev": true
    },
    "cookies": {
      "version": "0.7.3",
      "resolved": "http://registry.npm.alibaba-inc.com/cookies/download/cookies-0.7.3.tgz",
      "integrity": "sha1-eRLOIfvy6MLacM8cPzUa7PWdrfo=",
      "dev": true,
      "requires": {
        "depd": "~1.1.2",
        "keygrip": "~1.0.3"
      }
    },
    "copy-to": {
      "version": "2.0.1",
      "resolved": "http://registry.npm.alibaba-inc.com/copy-to/download/copy-to-2.0.1.tgz",
      "integrity": "sha1-JoD7uAaKSNCGVrYJgJK9r8kG9KU=",
      "dev": true
    },
    "csstype": {
      "version": "2.6.3",
      "resolved": "http://registry.npm.alibaba-inc.com/csstype/download/csstype-2.6.3.tgz",
      "integrity": "sha1-twHlloJFv5sI1UrIPQC2JOYiqfo=",
      "dev": true
    },
    "debug": {
      "version": "3.2.6",
      "resolved": "http://registry.npm.alibaba-inc.com/debug/download/debug-3.2.6.tgz",
      "integrity": "sha1-6D0X3hbYp++3cX7b5fsQE17uYps=",
      "requires": {
        "ms": "^2.1.1"
      }
    },
    "deep-equal": {
      "version": "1.0.1",
      "resolved": "http://registry.npm.alibaba-inc.com/deep-equal/download/deep-equal-1.0.1.tgz",
      "integrity": "sha1-9dJgKStmDghO/0zbyfCK0yR0SLU=",
      "dev": true
    },
    "delegates": {
      "version": "1.0.0",
      "resolved": "http://registry.npm.alibaba-inc.com/delegates/download/delegates-1.0.0.tgz",
      "integrity": "sha1-hMbhWbgZBP3KWaDvRM2HDTElD5o=",
      "dev": true
    },
    "depd": {
      "version": "1.1.2",
      "resolved": "http://registry.npm.alibaba-inc.com/depd/download/depd-1.1.2.tgz",
      "integrity": "sha1-m81S4UwJd2PnSbJ0xDRu0uVgtak=",
      "dev": true
    },
    "destroy": {
      "version": "1.0.4",
      "resolved": "http://registry.npm.alibaba-inc.com/destroy/download/destroy-1.0.4.tgz",
      "integrity": "sha1-l4hXRCxEdJ5CBmE+N5RiBYJqvYA=",
      "dev": true
    },
    "dn-middleware-pkginfo": {
      "version": "1.1.2",
      "resolved": "http://registry.npm.alibaba-inc.com/dn-middleware-pkginfo/download/dn-middleware-pkginfo-1.1.2.tgz",
      "integrity": "sha1-gEYJAivrmpxTBT3Ind+S3zTD/j0=",
      "dev": true
    },
    "ee-first": {
      "version": "1.1.1",
      "resolved": "http://registry.npm.alibaba-inc.com/ee-first/download/ee-first-1.1.1.tgz",
      "integrity": "sha1-WQxhFWsK4vTwJVcyoViyZrxWsh0=",
      "dev": true
    },
    "encodeurl": {
      "version": "1.0.2",
      "resolved": "http://registry.npm.alibaba-inc.com/encodeurl/download/encodeurl-1.0.2.tgz",
      "integrity": "sha1-rT/0yG7C0CkyL1oCw6mmBslbP1k=",
      "dev": true
    },
    "error-inject": {
      "version": "1.0.0",
      "resolved": "http://registry.npm.alibaba-inc.com/error-inject/download/error-inject-1.0.0.tgz",
      "integrity": "sha1-4rPZG1Su1nLzCdlQ0VSFD6EdTzc=",
      "dev": true
    },
    "escape-html": {
      "version": "1.0.3",
      "resolved": "http://registry.npm.alibaba-inc.com/escape-html/download/escape-html-1.0.3.tgz",
      "integrity": "sha1-Aljq5NPQwJdN4cFpGI7wBR0dGYg=",
      "dev": true
    },
    "esprima": {
      "version": "4.0.1",
      "resolved": "http://registry.npm.alibaba-inc.com/esprima/download/esprima-4.0.1.tgz",
      "integrity": "sha1-E7BM2z5sXRnfkatph6hpVhmwqnE=",
      "dev": true
    },
    "etag": {
      "version": "1.8.1",
      "resolved": "http://registry.npm.alibaba-inc.com/etag/download/etag-1.8.1.tgz",
      "integrity": "sha1-Qa4u62XvpiJorr/qg6x9eSmbCIc=",
      "dev": true
    },
    "express": {
      "version": "4.16.4",
      "resolved": "http://registry.npm.alibaba-inc.com/express/download/express-4.16.4.tgz",
      "integrity": "sha1-/d72GSYQniTFFeqX/S8b2/Yt8S4=",
      "dev": true,
      "requires": {
        "accepts": "~1.3.5",
        "array-flatten": "1.1.1",
        "body-parser": "1.18.3",
        "content-disposition": "0.5.2",
        "content-type": "~1.0.4",
        "cookie": "0.3.1",
        "cookie-signature": "1.0.6",
        "debug": "2.6.9",
        "depd": "~1.1.2",
        "encodeurl": "~1.0.2",
        "escape-html": "~1.0.3",
        "etag": "~1.8.1",
        "finalhandler": "1.1.1",
        "fresh": "0.5.2",
        "merge-descriptors": "1.0.1",
        "methods": "~1.1.2",
        "on-finished": "~2.3.0",
        "parseurl": "~1.3.2",
        "path-to-regexp": "0.1.7",
        "proxy-addr": "~2.0.4",
        "qs": "6.5.2",
        "range-parser": "~1.2.0",
        "safe-buffer": "5.1.2",
        "send": "0.16.2",
        "serve-static": "1.13.2",
        "setprototypeof": "1.1.0",
        "statuses": "~1.4.0",
        "type-is": "~1.6.16",
        "utils-merge": "1.0.1",
        "vary": "~1.1.2"
      },
      "dependencies": {
        "content-disposition": {
          "version": "0.5.2",
          "resolved": "http://registry.npm.alibaba-inc.com/content-disposition/download/content-disposition-0.5.2.tgz",
          "integrity": "sha1-DPaLud318r55YcOoUXjLhdunjLQ=",
          "dev": true
        },
        "debug": {
          "version": "2.6.9",
          "resolved": "http://registry.npm.alibaba-inc.com/debug/download/debug-2.6.9.tgz",
          "integrity": "sha1-XRKFFd8TT/Mn6QpMk/Tgd6U2NB8=",
          "dev": true,
          "requires": {
            "ms": "2.0.0"
          }
        },
        "ms": {
          "version": "2.0.0",
          "resolved": "http://registry.npm.alibaba-inc.com/ms/download/ms-2.0.0.tgz",
          "integrity": "sha1-VgiurfwAvmwpAd9fmGF4jeDVl8g=",
          "dev": true
        },
        "setprototypeof": {
          "version": "1.1.0",
          "resolved": "http://registry.npm.alibaba-inc.com/setprototypeof/download/setprototypeof-1.1.0.tgz",
          "integrity": "sha1-0L2FU2iHtv58DYGMuWLZ2RxU5lY=",
          "dev": true
        },
        "statuses": {
          "version": "1.4.0",
          "resolved": "http://registry.npm.alibaba-inc.com/statuses/download/statuses-1.4.0.tgz",
          "integrity": "sha1-u3PURtonlhBu/MG2AaJT1sRr0Ic=",
          "dev": true
        }
      }
    },
    "finalhandler": {
      "version": "1.1.1",
      "resolved": "http://registry.npm.alibaba-inc.com/finalhandler/download/finalhandler-1.1.1.tgz",
      "integrity": "sha1-7r9O2EAHnIP0JJA4ydcDAIMBsQU=",
      "dev": true,
      "requires": {
        "debug": "2.6.9",
        "encodeurl": "~1.0.2",
        "escape-html": "~1.0.3",
        "on-finished": "~2.3.0",
        "parseurl": "~1.3.2",
        "statuses": "~1.4.0",
        "unpipe": "~1.0.0"
      },
      "dependencies": {
        "debug": {
          "version": "2.6.9",
          "resolved": "http://registry.npm.alibaba-inc.com/debug/download/debug-2.6.9.tgz",
          "integrity": "sha1-XRKFFd8TT/Mn6QpMk/Tgd6U2NB8=",
          "dev": true,
          "requires": {
            "ms": "2.0.0"
          }
        },
        "ms": {
          "version": "2.0.0",
          "resolved": "http://registry.npm.alibaba-inc.com/ms/download/ms-2.0.0.tgz",
          "integrity": "sha1-VgiurfwAvmwpAd9fmGF4jeDVl8g=",
          "dev": true
        },
        "statuses": {
          "version": "1.4.0",
          "resolved": "http://registry.npm.alibaba-inc.com/statuses/download/statuses-1.4.0.tgz",
          "integrity": "sha1-u3PURtonlhBu/MG2AaJT1sRr0Ic=",
          "dev": true
        }
      }
    },
    "follow-redirects": {
      "version": "1.7.0",
      "resolved": "http://registry.npm.alibaba-inc.com/follow-redirects/download/follow-redirects-1.7.0.tgz",
      "integrity": "sha1-SJ68GY3A5/ZBZ70jsDxMGbV4THY=",
      "dev": true,
      "requires": {
        "debug": "^3.2.6"
      }
    },
    "font-awesome": {
      "version": "4.7.0",
      "resolved": "http://registry.npm.alibaba-inc.com/font-awesome/download/font-awesome-4.7.0.tgz",
      "integrity": "sha1-j6jPBBGhoxr9B7BtKQK7n8gVoTM=",
      "dev": true
    },
    "forwarded": {
      "version": "0.1.2",
      "resolved": "http://registry.npm.alibaba-inc.com/forwarded/download/forwarded-0.1.2.tgz",
      "integrity": "sha1-mMI9qxF1ZXuMBXPozszZGw/xjIQ=",
      "dev": true
    },
    "fresh": {
      "version": "0.5.2",
      "resolved": "http://registry.npm.alibaba-inc.com/fresh/download/fresh-0.5.2.tgz",
      "integrity": "sha1-PYyt2Q2XZWn6g1qx+OSyOhBWBac=",
      "dev": true
    },
    "http-assert": {
      "version": "1.4.0",
      "resolved": "http://registry.npm.alibaba-inc.com/http-assert/download/http-assert-1.4.0.tgz",
      "integrity": "sha1-DlULT8pq3xIbvu2DJIwX5i9ZOpo=",
      "dev": true,
      "requires": {
        "deep-equal": "~1.0.1",
        "http-errors": "~1.7.1"
      }
    },
    "http-errors": {
      "version": "1.7.2",
      "resolved": "http://registry.npm.alibaba-inc.com/http-errors/download/http-errors-1.7.2.tgz",
      "integrity": "sha1-T1ApzxMjnzEDblsuVSkrz7zIXI8=",
      "dev": true,
      "requires": {
        "depd": "~1.1.2",
        "inherits": "2.0.3",
        "setprototypeof": "1.1.1",
        "statuses": ">= 1.5.0 < 2",
        "toidentifier": "1.0.0"
      }
    },
    "iconv-lite": {
      "version": "0.4.23",
      "resolved": "http://registry.npm.alibaba-inc.com/iconv-lite/download/iconv-lite-0.4.23.tgz",
      "integrity": "sha1-KXhx9jvlB63Pv8pxXQzQ7thOmmM=",
      "dev": true,
      "requires": {
        "safer-buffer": ">= 2.1.2 < 3"
      }
    },
    "impress-router": {
      "version": "1.6.0",
      "resolved": "http://registry.npm.alibaba-inc.com/impress-router/download/impress-router-1.6.0.tgz",
      "integrity": "sha1-3vR+UTMovVV9S8r9zFv0PWvrN78=",
      "dev": true,
      "requires": {
        "debug": "^4.1.1",
        "koa-compose": "^4.1.0",
        "lodash": "^4.17.11",
        "methods": "^1.1.2",
        "path-to-regexp": "^2.3.0"
      },
      "dependencies": {
        "debug": {
          "version": "4.1.1",
          "resolved": "http://registry.npm.alibaba-inc.com/debug/download/debug-4.1.1.tgz",
          "integrity": "sha1-O3ImAlUQnGtYnO4FDx1RYTlmR5E=",
          "dev": true,
          "requires": {
            "ms": "^2.1.1"
          }
        },
        "path-to-regexp": {
          "version": "2.4.0",
          "resolved": "http://registry.npm.alibaba-inc.com/path-to-regexp/download/path-to-regexp-2.4.0.tgz",
          "integrity": "sha1-Nc5/Mz1WFvHB4b/iZsOrouWy5wQ=",
          "dev": true
        }
      }
    },
    "inflation": {
      "version": "2.0.0",
      "resolved": "http://registry.npm.alibaba-inc.com/inflation/download/inflation-2.0.0.tgz",
      "integrity": "sha1-i0F+R8KPklpFEz2RTKH9OJEH8w8=",
      "dev": true
    },
    "inherits": {
      "version": "2.0.3",
      "resolved": "http://registry.npm.alibaba-inc.com/inherits/download/inherits-2.0.3.tgz",
      "integrity": "sha1-Yzwsg+PaQqUC9SRmAiSA9CCCYd4=",
      "dev": true
    },
    "ipaddr.js": {
      "version": "1.8.0",
      "resolved": "http://registry.npm.alibaba-inc.com/ipaddr.js/download/ipaddr.js-1.8.0.tgz",
      "integrity": "sha1-6qM9bd16zo9/b+DJygRA5wZzix4=",
      "dev": true
    },
    "is-buffer": {
      "version": "1.1.6",
      "resolved": "http://registry.npm.alibaba-inc.com/is-buffer/download/is-buffer-1.1.6.tgz",
      "integrity": "sha1-76ouqdqg16suoTqXsritUf776L4=",
      "dev": true
    },
    "is-generator-function": {
      "version": "1.0.7",
      "resolved": "http://registry.npm.alibaba-inc.com/is-generator-function/download/is-generator-function-1.0.7.tgz",
      "integrity": "sha1-0hMuUpuwAAp/gHlNS99c1eWBNSI=",
      "dev": true
    },
    "isarray": {
      "version": "0.0.1",
      "resolved": "http://registry.npm.alibaba-inc.com/isarray/download/isarray-0.0.1.tgz",
      "integrity": "sha1-ihis/Kmo9Bd+Cav8YDiTmwXR7t8=",
      "dev": true
    },
    "js-tokens": {
      "version": "4.0.0",
      "resolved": "http://registry.npm.alibaba-inc.com/js-tokens/download/js-tokens-4.0.0.tgz",
      "integrity": "sha1-GSA/tZmR35jjoocFDUZHzerzJJk=",
      "dev": true
    },
    "js-yaml": {
      "version": "3.13.0",
      "resolved": "http://registry.npm.alibaba-inc.com/js-yaml/download/js-yaml-3.13.0.tgz",
      "integrity": "sha1-OO5xeKwO6iyX/22W//SxjH2M+Y4=",
      "dev": true,
      "requires": {
        "argparse": "^1.0.7",
        "esprima": "^4.0.0"
      }
    },
    "keygrip": {
      "version": "1.0.3",
      "resolved": "http://registry.npm.alibaba-inc.com/keygrip/download/keygrip-1.0.3.tgz",
      "integrity": "sha1-OZ1wnwrtK6sKBZ4M3TpQI6BT4dw=",
      "dev": true
    },
    "koa": {
      "version": "2.7.0",
      "resolved": "http://registry.npm.alibaba-inc.com/koa/download/koa-2.7.0.tgz",
      "integrity": "sha1-fgCENQaUK52CxswzdJ9lfG5eet8=",
      "dev": true,
      "requires": {
        "accepts": "^1.3.5",
        "cache-content-type": "^1.0.0",
        "content-disposition": "~0.5.2",
        "content-type": "^1.0.4",
        "cookies": "~0.7.1",
        "debug": "~3.1.0",
        "delegates": "^1.0.0",
        "depd": "^1.1.2",
        "destroy": "^1.0.4",
        "error-inject": "^1.0.0",
        "escape-html": "^1.0.3",
        "fresh": "~0.5.2",
        "http-assert": "^1.3.0",
        "http-errors": "^1.6.3",
        "is-generator-function": "^1.0.7",
        "koa-compose": "^4.1.0",
        "koa-convert": "^1.2.0",
        "koa-is-json": "^1.0.0",
        "on-finished": "^2.3.0",
        "only": "~0.0.2",
        "parseurl": "^1.3.2",
        "statuses": "^1.5.0",
        "type-is": "^1.6.16",
        "vary": "^1.1.2"
      },
      "dependencies": {
        "debug": {
          "version": "3.1.0",
          "resolved": "http://registry.npm.alibaba-inc.com/debug/download/debug-3.1.0.tgz",
          "integrity": "sha1-W7WgZyYotkFJVmuhaBnmFRjGcmE=",
          "dev": true,
          "requires": {
            "ms": "2.0.0"
          }
        },
        "ms": {
          "version": "2.0.0",
          "resolved": "http://registry.npm.alibaba-inc.com/ms/download/ms-2.0.0.tgz",
          "integrity": "sha1-VgiurfwAvmwpAd9fmGF4jeDVl8g=",
          "dev": true
        }
      }
    },
    "koa-bodyparser": {
      "version": "4.2.1",
      "resolved": "http://registry.npm.alibaba-inc.com/koa-bodyparser/download/koa-bodyparser-4.2.1.tgz",
      "integrity": "sha1-TX2stebbEQZkm1ldnlzLFYtvOyk=",
      "dev": true,
      "requires": {
        "co-body": "^6.0.0",
        "copy-to": "^2.0.1"
      }
    },
    "koa-compose": {
      "version": "4.1.0",
      "resolved": "http://registry.npm.alibaba-inc.com/koa-compose/download/koa-compose-4.1.0.tgz",
      "integrity": "sha1-UHMGuTcZAdtBEhyBLpI9DWfT6Hc=",
      "dev": true
    },
    "koa-convert": {
      "version": "1.2.0",
      "resolved": "http://registry.npm.alibaba-inc.com/koa-convert/download/koa-convert-1.2.0.tgz",
      "integrity": "sha1-2kCHXfSd4FOQmNFwC1CCDOvNIdA=",
      "dev": true,
      "requires": {
        "co": "^4.6.0",
        "koa-compose": "^3.0.0"
      },
      "dependencies": {
        "koa-compose": {
          "version": "3.2.1",
          "resolved": "http://registry.npm.alibaba-inc.com/koa-compose/download/koa-compose-3.2.1.tgz",
          "integrity": "sha1-qFzLQLfZhtjlo0Wzoazo6rz1Tec=",
          "dev": true,
          "requires": {
            "any-promise": "^1.1.0"
          }
        }
      }
    },
    "koa-is-json": {
      "version": "1.0.0",
      "resolved": "http://registry.npm.alibaba-inc.com/koa-is-json/download/koa-is-json-1.0.0.tgz",
      "integrity": "sha1-JzwH7c3Ljfaiwat9We52SRRR7BQ=",
      "dev": true
    },
    "koa-router": {
      "version": "7.4.0",
      "resolved": "http://registry.npm.alibaba-inc.com/koa-router/download/koa-router-7.4.0.tgz",
      "integrity": "sha1-ruH3rcAtXLMdfWdGXJ6syCXoxeA=",
      "dev": true,
      "requires": {
        "debug": "^3.1.0",
        "http-errors": "^1.3.1",
        "koa-compose": "^3.0.0",
        "methods": "^1.0.1",
        "path-to-regexp": "^1.1.1",
        "urijs": "^1.19.0"
      },
      "dependencies": {
        "koa-compose": {
          "version": "3.2.1",
          "resolved": "http://registry.npm.alibaba-inc.com/koa-compose/download/koa-compose-3.2.1.tgz",
          "integrity": "sha1-qFzLQLfZhtjlo0Wzoazo6rz1Tec=",
          "dev": true,
          "requires": {
            "any-promise": "^1.1.0"
          }
        },
        "path-to-regexp": {
          "version": "1.7.0",
          "resolved": "http://registry.npm.alibaba-inc.com/path-to-regexp/download/path-to-regexp-1.7.0.tgz",
          "integrity": "sha1-Wf3g9DW62suhA6hOnTvGTpa5k30=",
          "dev": true,
          "requires": {
            "isarray": "0.0.1"
          }
        }
      }
    },
    "koa-send": {
      "version": "4.1.3",
      "resolved": "http://registry.npm.alibaba-inc.com/koa-send/download/koa-send-4.1.3.tgz",
      "integrity": "sha1-CCIge79SU6QUyPF2Xrwp+kE1PLY=",
      "dev": true,
      "requires": {
        "debug": "^2.6.3",
        "http-errors": "^1.6.1",
        "mz": "^2.6.0",
        "resolve-path": "^1.4.0"
      },
      "dependencies": {
        "debug": {
          "version": "2.6.9",
          "resolved": "http://registry.npm.alibaba-inc.com/debug/download/debug-2.6.9.tgz",
          "integrity": "sha1-XRKFFd8TT/Mn6QpMk/Tgd6U2NB8=",
          "dev": true,
          "requires": {
            "ms": "2.0.0"
          }
        },
        "ms": {
          "version": "2.0.0",
          "resolved": "http://registry.npm.alibaba-inc.com/ms/download/ms-2.0.0.tgz",
          "integrity": "sha1-VgiurfwAvmwpAd9fmGF4jeDVl8g=",
          "dev": true
        }
      }
    },
    "koa-simple-cors": {
      "version": "1.0.0",
      "resolved": "http://registry.npm.alibaba-inc.com/koa-simple-cors/download/koa-simple-cors-1.0.0.tgz",
      "integrity": "sha1-j4ex7/WjH7qkCTW3eNTjeZdLyJo=",
      "dev": true
    },
    "koa-static": {
      "version": "4.0.3",
      "resolved": "http://registry.npm.alibaba-inc.com/koa-static/download/koa-static-4.0.3.tgz",
      "integrity": "sha1-X5OtAPsZBduc5GZnwOi7fSKr/Ng=",
      "dev": true,
      "requires": {
        "debug": "^3.1.0",
        "koa-send": "^4.1.3"
      }
    },
    "lodash": {
      "version": "4.17.11",
      "resolved": "http://registry.npm.alibaba-inc.com/lodash/download/lodash-4.17.11.tgz",
      "integrity": "sha1-s56mIp72B+zYniyN8SU2iRysm40=",
      "dev": true
    },
    "loose-envify": {
      "version": "1.4.0",
      "resolved": "http://registry.npm.alibaba-inc.com/loose-envify/download/loose-envify-1.4.0.tgz",
      "integrity": "sha1-ce5R+nvkyuwaY4OffmgtgTLTDK8=",
      "dev": true,
      "requires": {
        "js-tokens": "^3.0.0 || ^4.0.0"
      }
    },
    "media-typer": {
      "version": "0.3.0",
      "resolved": "http://registry.npm.alibaba-inc.com/media-typer/download/media-typer-0.3.0.tgz",
      "integrity": "sha1-hxDXrwqmJvj/+hzgAWhUUmMlV0g=",
      "dev": true
    },
    "merge-descriptors": {
      "version": "1.0.1",
      "resolved": "http://registry.npm.alibaba-inc.com/merge-descriptors/download/merge-descriptors-1.0.1.tgz",
      "integrity": "sha1-sAqqVW3YtEVoFQ7J0blT8/kMu2E=",
      "dev": true
    },
    "methods": {
      "version": "1.1.2",
      "resolved": "http://registry.npm.alibaba-inc.com/methods/download/methods-1.1.2.tgz",
      "integrity": "sha1-VSmk1nZUE07cxSZmVoNbD4Ua/O4=",
      "dev": true
    },
    "mime": {
      "version": "1.4.1",
      "resolved": "http://registry.npm.alibaba-inc.com/mime/download/mime-1.4.1.tgz",
      "integrity": "sha1-Eh+evEnjdm8xGnbh+hyAA8SwOqY=",
      "dev": true
    },
    "mime-db": {
      "version": "1.38.0",
      "resolved": "http://registry.npm.alibaba-inc.com/mime-db/download/mime-db-1.38.0.tgz",
      "integrity": "sha1-GiqrFtqesWe0nG5N8tnGjWPY4q0=",
      "dev": true
    },
    "mime-types": {
      "version": "2.1.22",
      "resolved": "http://registry.npm.alibaba-inc.com/mime-types/download/mime-types-2.1.22.tgz",
      "integrity": "sha1-/ms1WhkJJqt2mMmgVWoRGZshmb0=",
      "dev": true,
      "requires": {
        "mime-db": "~1.38.0"
      }
    },
    "minimist": {
      "version": "0.0.8",
      "resolved": "http://registry.npm.alibaba-inc.com/minimist/download/minimist-0.0.8.tgz",
      "integrity": "sha1-hX/Kv8M5fSYluCKCYuhqp6ARsF0="
    },
    "mkdirp": {
      "version": "0.5.1",
      "resolved": "http://registry.npm.alibaba-inc.com/mkdirp/download/mkdirp-0.5.1.tgz",
      "integrity": "sha1-MAV0OOrGz3+MR2fzhkjWaX11yQM=",
      "requires": {
        "minimist": "0.0.8"
      }
    },
    "monaco-editor": {
      "version": "0.12.0",
      "resolved": "http://registry.npm.alibaba-inc.com/monaco-editor/download/monaco-editor-0.12.0.tgz",
      "integrity": "sha1-zYYhAXUmtXdGJFEE12S79SrUIoM=",
      "dev": true
    },
    "mota": {
      "version": "0.6.3",
      "resolved": "http://registry.npm.alibaba-inc.com/mota/download/mota-0.6.3.tgz",
      "integrity": "sha1-kyxoGtq9ZcAkVAs44fvKkDmkizY=",
      "dev": true
    },
    "ms": {
      "version": "2.1.1",
      "resolved": "http://registry.npm.alibaba-inc.com/ms/download/ms-2.1.1.tgz",
      "integrity": "sha1-MKWGTrPrsKZvLr5tcnrwagnYbgo="
    },
    "mz": {
      "version": "2.7.0",
      "resolved": "http://registry.npm.alibaba-inc.com/mz/download/mz-2.7.0.tgz",
      "integrity": "sha1-lQCAV6Vsr63CvGPd5/n/aVWUjjI=",
      "requires": {
        "any-promise": "^1.0.0",
        "object-assign": "^4.0.1",
        "thenify-all": "^1.0.0"
      }
    },
    "negotiator": {
      "version": "0.6.1",
      "resolved": "http://registry.npm.alibaba-inc.com/negotiator/download/negotiator-0.6.1.tgz",
      "integrity": "sha1-KzJxhOiZIQEXeyhWP7XnECrNDKk=",
      "dev": true
    },
    "node-fetch": {
      "version": "2.3.0",
      "resolved": "http://registry.npm.alibaba-inc.com/node-fetch/download/node-fetch-2.3.0.tgz",
      "integrity": "sha1-Gh2UC7+5FqHT4CGfA36J5x+MX6U=",
      "dev": true
    },
    "ntils": {
      "version": "4.0.7",
      "resolved": "http://registry.npm.alibaba-inc.com/ntils/download/ntils-4.0.7.tgz",
      "integrity": "sha1-ixES2NjUqrAVLHV8NvW1erVpU3U="
    },
    "object-assign": {
      "version": "4.1.1",
      "resolved": "http://registry.npm.alibaba-inc.com/object-assign/download/object-assign-4.1.1.tgz",
      "integrity": "sha1-IQmtx5ZYh8/AXLvUQsrIv7s2CGM="
    },
    "on-finished": {
      "version": "2.3.0",
      "resolved": "http://registry.npm.alibaba-inc.com/on-finished/download/on-finished-2.3.0.tgz",
      "integrity": "sha1-IPEzZIGwg811M3mSoWlxqi2QaUc=",
      "dev": true,
      "requires": {
        "ee-first": "1.1.1"
      }
    },
    "oneport": {
      "version": "1.0.2",
      "resolved": "http://registry.npm.alibaba-inc.com/oneport/download/oneport-1.0.2.tgz",
      "integrity": "sha1-MKQmgc7c2wAG+K9Yb85CohCfatM=",
      "dev": true,
      "requires": {
        "cify": "^2.1.1",
        "ntils": "^2.0.3"
      },
      "dependencies": {
        "ntils": {
          "version": "2.1.2",
          "resolved": "http://registry.npm.alibaba-inc.com/ntils/download/ntils-2.1.2.tgz",
          "integrity": "sha1-d9PWWD6PycuzydjlsX+RpV2EKq8=",
          "dev": true
        }
      }
    },
    "only": {
      "version": "0.0.2",
      "resolved": "http://registry.npm.alibaba-inc.com/only/download/only-0.0.2.tgz",
      "integrity": "sha1-Kv3oTQPlC5qO3EROMGEKcCle37Q=",
      "dev": true
    },
    "parseurl": {
      "version": "1.3.2",
      "resolved": "http://registry.npm.alibaba-inc.com/parseurl/download/parseurl-1.3.2.tgz",
      "integrity": "sha1-/CidTtiZMRlGDBViUyYs3I3mW/M=",
      "dev": true
    },
    "path-is-absolute": {
      "version": "1.0.1",
      "resolved": "http://registry.npm.alibaba-inc.com/path-is-absolute/download/path-is-absolute-1.0.1.tgz",
      "integrity": "sha1-F0uSaHNVNP+8es5r9TpanhtcX18=",
      "dev": true
    },
    "path-to-regexp": {
      "version": "0.1.7",
      "resolved": "http://registry.npm.alibaba-inc.com/path-to-regexp/download/path-to-regexp-0.1.7.tgz",
      "integrity": "sha1-32BBeABfUi8V60SQ5yR6G/qmf4w=",
      "dev": true
    },
    "prop-types": {
      "version": "15.7.2",
      "resolved": "http://registry.npm.alibaba-inc.com/prop-types/download/prop-types-15.7.2.tgz",
      "integrity": "sha1-UsQedbjIfnK52TYOAga5ncv/psU=",
      "dev": true,
      "requires": {
        "loose-envify": "^1.4.0",
        "object-assign": "^4.1.1",
        "react-is": "^16.8.1"
      }
    },
    "proxy-addr": {
      "version": "2.0.4",
      "resolved": "http://registry.npm.alibaba-inc.com/proxy-addr/download/proxy-addr-2.0.4.tgz",
      "integrity": "sha1-7PxzO/Iv+Mb0B/onUye5q2fki5M=",
      "dev": true,
      "requires": {
        "forwarded": "~0.1.2",
        "ipaddr.js": "1.8.0"
      }
    },
    "qs": {
      "version": "6.5.2",
      "resolved": "http://registry.npm.alibaba-inc.com/qs/download/qs-6.5.2.tgz",
      "integrity": "sha1-yzroBuh0BERYTvFUzo7pjUA/PjY=",
      "dev": true
    },
    "range-parser": {
      "version": "1.2.0",
      "resolved": "http://registry.npm.alibaba-inc.com/range-parser/download/range-parser-1.2.0.tgz",
      "integrity": "sha1-9JvmtIeJTdxA3MlKMi9hEJLgDV4=",
      "dev": true
    },
    "raw-body": {
      "version": "2.3.3",
      "resolved": "http://registry.npm.alibaba-inc.com/raw-body/download/raw-body-2.3.3.tgz",
      "integrity": "sha1-GzJOzmtXBuFThVvBFIxlu39uoMM=",
      "dev": true,
      "requires": {
        "bytes": "3.0.0",
        "http-errors": "1.6.3",
        "iconv-lite": "0.4.23",
        "unpipe": "1.0.0"
      },
      "dependencies": {
        "http-errors": {
          "version": "1.6.3",
          "resolved": "http://registry.npm.alibaba-inc.com/http-errors/download/http-errors-1.6.3.tgz",
          "integrity": "sha1-i1VoC7S+KDoLW/TqLjhYC+HZMg0=",
          "dev": true,
          "requires": {
            "depd": "~1.1.2",
            "inherits": "2.0.3",
            "setprototypeof": "1.1.0",
            "statuses": ">= 1.4.0 < 2"
          }
        },
        "setprototypeof": {
          "version": "1.1.0",
          "resolved": "http://registry.npm.alibaba-inc.com/setprototypeof/download/setprototypeof-1.1.0.tgz",
          "integrity": "sha1-0L2FU2iHtv58DYGMuWLZ2RxU5lY=",
          "dev": true
        }
      }
    },
    "react": {
      "version": "16.8.6",
      "resolved": "http://registry.npm.alibaba-inc.com/react/download/react-16.8.6.tgz",
      "integrity": "sha1-rWw6lhT9Ok6e9REX9U2IjaAfK74=",
      "dev": true,
      "requires": {
        "loose-envify": "^1.1.0",
        "object-assign": "^4.1.1",
        "prop-types": "^15.6.2",
        "scheduler": "^0.13.6"
      }
    },
    "react-dock-panel": {
      "version": "1.0.9",
      "resolved": "http://registry.npm.alibaba-inc.com/react-dock-panel/download/react-dock-panel-1.0.9.tgz",
      "integrity": "sha1-OSYDkjUz6xzRqeTbIFJ53BfZGjI=",
      "dev": true
    },
    "react-dom": {
      "version": "16.8.6",
      "resolved": "http://registry.npm.alibaba-inc.com/react-dom/download/react-dom-16.8.6.tgz",
      "integrity": "sha1-cdYwP2MeiwCX9WFl72CPBR/24Q8=",
      "dev": true,
      "requires": {
        "loose-envify": "^1.1.0",
        "object-assign": "^4.1.1",
        "prop-types": "^15.6.2",
        "scheduler": "^0.13.6"
      }
    },
    "react-is": {
      "version": "16.8.6",
      "resolved": "http://registry.npm.alibaba-inc.com/react-is/download/react-is-16.8.6.tgz",
      "integrity": "sha1-W7weLSkUHJ+9/tRWND/ivEMKahY=",
      "dev": true
    },
    "react-monaco-editor": {
      "version": "0.14.1",
      "resolved": "http://registry.npm.alibaba-inc.com/react-monaco-editor/download/react-monaco-editor-0.14.1.tgz",
      "integrity": "sha1-9RY+EZ6KfcebmSyz/Xr4h1R9fv0=",
      "dev": true,
      "requires": {
        "monaco-editor": "^0.10.0",
        "prop-types": "^15.5.10"
      },
      "dependencies": {
        "monaco-editor": {
          "version": "0.10.1",
          "resolved": "http://registry.npm.alibaba-inc.com/monaco-editor/download/monaco-editor-0.10.1.tgz",
          "integrity": "sha1-jJbE8VtrUli/ksvek8rYp+MAfhQ=",
          "dev": true
        }
      }
    },
    "require-dir": {
      "version": "1.2.0",
      "resolved": "http://registry.npm.alibaba-inc.com/require-dir/download/require-dir-1.2.0.tgz",
      "integrity": "sha1-DUQ7delgEtPKdJzxn1KaeJrnSBc=",
      "dev": true
    },
    "resolve-path": {
      "version": "1.4.0",
      "resolved": "http://registry.npm.alibaba-inc.com/resolve-path/download/resolve-path-1.4.0.tgz",
      "integrity": "sha1-xL2p9e+y/OZSR4c6s2u02DT+Fvc=",
      "dev": true,
      "requires": {
        "http-errors": "~1.6.2",
        "path-is-absolute": "1.0.1"
      },
      "dependencies": {
        "http-errors": {
          "version": "1.6.3",
          "resolved": "http://registry.npm.alibaba-inc.com/http-errors/download/http-errors-1.6.3.tgz",
          "integrity": "sha1-i1VoC7S+KDoLW/TqLjhYC+HZMg0=",
          "dev": true,
          "requires": {
            "depd": "~1.1.2",
            "inherits": "2.0.3",
            "setprototypeof": "1.1.0",
            "statuses": ">= 1.4.0 < 2"
          }
        },
        "setprototypeof": {
          "version": "1.1.0",
          "resolved": "http://registry.npm.alibaba-inc.com/setprototypeof/download/setprototypeof-1.1.0.tgz",
          "integrity": "sha1-0L2FU2iHtv58DYGMuWLZ2RxU5lY=",
          "dev": true
        }
      }
    },
    "safe-buffer": {
      "version": "5.1.2",
      "resolved": "http://registry.npm.alibaba-inc.com/safe-buffer/download/safe-buffer-5.1.2.tgz",
      "integrity": "sha1-mR7GnSluAxN0fVm9/St0XDX4go0=",
      "dev": true
    },
    "safeify": {
      "version": "5.0.3",
      "resolved": "http://registry.npm.alibaba-inc.com/safeify/download/safeify-5.0.3.tgz",
      "integrity": "sha1-k1/ZDLXsXdK9CETo7u245Lrhl/c=",
      "requires": {
        "@types/mkdirp": "^0.5.2",
        "@types/mz": "^0.0.32",
        "debug": "^3.1.0",
        "mkdirp": "^0.5.1",
        "mz": "^2.7.0",
        "ntils": "^4.0.0",
        "shify": "^3.0.6",
        "vm2": "^3.5.2"
      }
    },
    "safer-buffer": {
      "version": "2.1.2",
      "resolved": "http://registry.npm.alibaba-inc.com/safer-buffer/download/safer-buffer-2.1.2.tgz",
      "integrity": "sha1-RPoWGwGHuVSd2Eu5GAL5vYOFzWo=",
      "dev": true
    },
    "scheduler": {
      "version": "0.13.6",
      "resolved": "http://registry.npm.alibaba-inc.com/scheduler/download/scheduler-0.13.6.tgz",
      "integrity": "sha1-RmpOwzJGezGpG5v3TlNHBy5M2Ik=",
      "dev": true,
      "requires": {
        "loose-envify": "^1.1.0",
        "object-assign": "^4.1.1"
      }
    },
    "send": {
      "version": "0.16.2",
      "resolved": "http://registry.npm.alibaba-inc.com/send/download/send-0.16.2.tgz",
      "integrity": "sha1-bsyh4PjBVtFBWXVZhI32RzCmu8E=",
      "dev": true,
      "requires": {
        "debug": "2.6.9",
        "depd": "~1.1.2",
        "destroy": "~1.0.4",
        "encodeurl": "~1.0.2",
        "escape-html": "~1.0.3",
        "etag": "~1.8.1",
        "fresh": "0.5.2",
        "http-errors": "~1.6.2",
        "mime": "1.4.1",
        "ms": "2.0.0",
        "on-finished": "~2.3.0",
        "range-parser": "~1.2.0",
        "statuses": "~1.4.0"
      },
      "dependencies": {
        "debug": {
          "version": "2.6.9",
          "resolved": "http://registry.npm.alibaba-inc.com/debug/download/debug-2.6.9.tgz",
          "integrity": "sha1-XRKFFd8TT/Mn6QpMk/Tgd6U2NB8=",
          "dev": true,
          "requires": {
            "ms": "2.0.0"
          }
        },
        "http-errors": {
          "version": "1.6.3",
          "resolved": "http://registry.npm.alibaba-inc.com/http-errors/download/http-errors-1.6.3.tgz",
          "integrity": "sha1-i1VoC7S+KDoLW/TqLjhYC+HZMg0=",
          "dev": true,
          "requires": {
            "depd": "~1.1.2",
            "inherits": "2.0.3",
            "setprototypeof": "1.1.0",
            "statuses": ">= 1.4.0 < 2"
          }
        },
        "ms": {
          "version": "2.0.0",
          "resolved": "http://registry.npm.alibaba-inc.com/ms/download/ms-2.0.0.tgz",
          "integrity": "sha1-VgiurfwAvmwpAd9fmGF4jeDVl8g=",
          "dev": true
        },
        "setprototypeof": {
          "version": "1.1.0",
          "resolved": "http://registry.npm.alibaba-inc.com/setprototypeof/download/setprototypeof-1.1.0.tgz",
          "integrity": "sha1-0L2FU2iHtv58DYGMuWLZ2RxU5lY=",
          "dev": true
        },
        "statuses": {
          "version": "1.4.0",
          "resolved": "http://registry.npm.alibaba-inc.com/statuses/download/statuses-1.4.0.tgz",
          "integrity": "sha1-u3PURtonlhBu/MG2AaJT1sRr0Ic=",
          "dev": true
        }
      }
    },
    "serve-static": {
      "version": "1.13.2",
      "resolved": "http://registry.npm.alibaba-inc.com/serve-static/download/serve-static-1.13.2.tgz",
      "integrity": "sha1-CV6Ecv1bRiN9tQzkhqQ/S4bGzsE=",
      "dev": true,
      "requires": {
        "encodeurl": "~1.0.2",
        "escape-html": "~1.0.3",
        "parseurl": "~1.3.2",
        "send": "0.16.2"
      }
    },
    "setprototypeof": {
      "version": "1.1.1",
      "resolved": "http://registry.npm.alibaba-inc.com/setprototypeof/download/setprototypeof-1.1.1.tgz",
      "integrity": "sha1-fpWsskqpL1iF4KvvW6ExMw1K5oM=",
      "dev": true
    },
    "shify": {
      "version": "3.0.6",
      "resolved": "http://registry.npm.alibaba-inc.com/shify/download/shify-3.0.6.tgz",
      "integrity": "sha1-TfJ+e4W66IRGmkdouI8vJ4QFEDs=",
      "requires": {
        "ntils": "^2.1.2",
        "stp": "^0.0.4"
      },
      "dependencies": {
        "ntils": {
          "version": "2.1.2",
          "resolved": "http://registry.npm.alibaba-inc.com/ntils/download/ntils-2.1.2.tgz",
          "integrity": "sha1-d9PWWD6PycuzydjlsX+RpV2EKq8="
        }
      }
    },
    "source-map": {
      "version": "0.6.1",
      "resolved": "http://registry.npm.alibaba-inc.com/source-map/download/source-map-0.6.1.tgz",
      "integrity": "sha1-dHIq8y6WFOnCh6jQu95IteLxomM="
    },
    "sprintf-js": {
      "version": "1.0.3",
      "resolved": "http://registry.npm.alibaba-inc.com/sprintf-js/download/sprintf-js-1.0.3.tgz",
      "integrity": "sha1-BOaSb2YolTVPPdAVIDYzuFcpfiw=",
      "dev": true
    },
    "statuses": {
      "version": "1.5.0",
      "resolved": "http://registry.npm.alibaba-inc.com/statuses/download/statuses-1.5.0.tgz",
      "integrity": "sha1-Fhx9rBd2Wf2YEfQ3cfqZOBR4Yow=",
      "dev": true
    },
    "stp": {
      "version": "0.0.4",
      "resolved": "http://registry.npm.alibaba-inc.com/stp/download/stp-0.0.4.tgz",
      "integrity": "sha1-72vVDhs6Ec96+m7BZeJH3+DBeYI="
    },
    "thenify": {
      "version": "3.3.0",
      "resolved": "http://registry.npm.alibaba-inc.com/thenify/download/thenify-3.3.0.tgz",
      "integrity": "sha1-5p44obq+lpsBCCB5eLn2K4hgSDk=",
      "requires": {
        "any-promise": "^1.0.0"
      }
    },
    "thenify-all": {
      "version": "1.6.0",
      "resolved": "http://registry.npm.alibaba-inc.com/thenify-all/download/thenify-all-1.6.0.tgz",
      "integrity": "sha1-GhkY1ALY/D+Y+/I02wvMjMEOlyY=",
      "requires": {
        "thenify": ">= 3.1.0 < 4"
      }
    },
    "toidentifier": {
      "version": "1.0.0",
      "resolved": "http://registry.npm.alibaba-inc.com/toidentifier/download/toidentifier-1.0.0.tgz",
      "integrity": "sha1-fhvjRw8ed5SLxD2Uo8j013UrpVM=",
      "dev": true
    },
    "type-is": {
      "version": "1.6.16",
      "resolved": "http://registry.npm.alibaba-inc.com/type-is/download/type-is-1.6.16.tgz",
      "integrity": "sha1-+JzjQVQcZysl7nrjxz3uOyvlAZQ=",
      "dev": true,
      "requires": {
        "media-typer": "0.3.0",
        "mime-types": "~2.1.18"
      }
    },
    "uglify-js": {
      "version": "3.5.2",
      "resolved": "http://registry.npm.alibaba-inc.com/uglify-js/download/uglify-js-3.5.2.tgz",
      "integrity": "sha1-3Ax6wtoKS30V6EJmgY/zDoJSlHQ=",
      "requires": {
        "commander": "~2.19.0",
        "source-map": "~0.6.1"
      }
    },
    "unpipe": {
      "version": "1.0.0",
      "resolved": "http://registry.npm.alibaba-inc.com/unpipe/download/unpipe-1.0.0.tgz",
      "integrity": "sha1-sr9O6FFKrmFltIF4KdIbLvSZBOw=",
      "dev": true
    },
    "urijs": {
      "version": "1.19.1",
      "resolved": "http://registry.npm.alibaba-inc.com/urijs/download/urijs-1.19.1.tgz",
      "integrity": "sha1-Ww/1MMDL3oOG9jQiNbpcpumV0lo=",
      "dev": true
    },
    "utils-merge": {
      "version": "1.0.1",
      "resolved": "http://registry.npm.alibaba-inc.com/utils-merge/download/utils-merge-1.0.1.tgz",
      "integrity": "sha1-n5VxD1CiZ5R7LMwSR0HBAoQn5xM=",
      "dev": true
    },
    "vary": {
      "version": "1.1.2",
      "resolved": "http://registry.npm.alibaba-inc.com/vary/download/vary-1.1.2.tgz",
      "integrity": "sha1-IpnwLG3tMNSllhsLn3RSShj2NPw=",
      "dev": true
    },
    "vm2": {
      "version": "3.6.10",
      "resolved": "http://registry.npm.alibaba-inc.com/vm2/download/vm2-3.6.10.tgz",
      "integrity": "sha1-qQZsOEmtij6jW5wM95plic5uPL4="
    },
    "yamlql": {
      "version": "0.2.13",
      "resolved": "http://registry.npm.alibaba-inc.com/yamlql/download/yamlql-0.2.13.tgz",
      "integrity": "sha1-OxJ4dDx/g6noOcVNGtlX1lW/Wpk=",
      "dev": true,
      "requires": {
        "debug": "^3.1.0",
        "js-yaml": "^3.10.0",
        "ntils": "^4.0.4"
      }
    },
    "yamlql-client": {
      "version": "1.1.2",
      "resolved": "http://registry.npm.alibaba-inc.com/yamlql-client/download/yamlql-client-1.1.2.tgz",
      "integrity": "sha1-lT+kAnidxes6UmlsgIoch3H9OWY=",
      "dev": true,
      "requires": {
        "axios": "^0.18.0",
        "debug": "^3.1.0",
        "express": "^4.16.2",
        "ntils": "^4.0.0"
      }
    },
    "yamlql-inspector": {
      "version": "1.1.4",
      "resolved": "http://registry.npm.alibaba-inc.com/yamlql-inspector/download/yamlql-inspector-1.1.4.tgz",
      "integrity": "sha1-0vP3FjOmyO+YAki3EaFkpd53To4=",
      "dev": true,
      "requires": {
        "@types/axios": "^0.14.0",
        "@types/classnames": "^2.2.3",
        "@types/react": "^16.0.5",
        "@types/react-dom": "^16.0.5",
        "@types/react-monaco-editor": "^0.10.1",
        "axios": "^0.18.0",
        "classnames": "^2.2.5",
        "font-awesome": "^4.7.0",
        "monaco-editor": "^0.12.0",
        "mota": "^0.6.0",
        "react": "^16.3.2",
        "react-dock-panel": "^1.0.9",
        "react-dom": "^16.3.2",
        "react-monaco-editor": "^0.14.1"
      }
    },
    "yamlql-koa": {
      "version": "2.0.3",
      "resolved": "http://registry.npm.alibaba-inc.com/yamlql-koa/download/yamlql-koa-2.0.3.tgz",
      "integrity": "sha1-46aU7gfXmE5ZWgVE8O5PlE8+X0M=",
      "dev": true,
      "requires": {
        "body-parser": "^1.18.2",
        "debug": "^3.1.0",
        "express": "^4.16.2",
        "impress-router": "^1.5.0",
        "koa": "^2.6.2",
        "koa-bodyparser": "^4.2.0",
        "koa-router": "^7.4.0",
        "koa-send": "^4.1.3",
        "koa-static": "^4.0.2",
        "ntils": "^4.0.0",
        "require-dir": "^1.0.0",
        "yamlql": "^0.2.2",
        "yamlql-inspector": "^1.0.0"
      }
    },
    "ylru": {
      "version": "1.2.1",
      "resolved": "http://registry.npm.alibaba-inc.com/ylru/download/ylru-1.2.1.tgz",
      "integrity": "sha1-9Xa2M0FUeYnB3nuiiHYJI7J/6E8=",
      "dev": true
    }
  }
}
