{
  "name": "demo",
  "version": "1.0.0",
  "lockfileVersion": 1,
  "requires": true,
  "dependencies": {
    "dn-middleware-unit-demo": {
      "version": "1.0.4",
      "resolved": "https://registry.npmjs.org/dn-middleware-unit-demo/-/dn-middleware-unit-demo-1.0.4.tgz",
      "integrity": "sha512-rR4iNxr8J8b3aSsnulelNTxaA3P18EH5qQrPJ5NVzLBpltW00T2gzfFQXDjJdiyNdmu/75SWVy/JRgzmS/giKw=="
    }
  }
}
