{
  "name": "basic-example",
  "requires": true,
  "lockfileVersion": 1,
  "dependencies": {
    "@alifd/field": {
      "version": "1.4.6",
      "resolved": "https://registry.nlark.com/@alifd/field/download/@alifd/field-1.4.6.tgz",
      "integrity": "sha1-dHl7ufZArfg1B6o5KD64m8HwCDA=",
      "requires": {
        "@alifd/validate": "^1.2.0",
        "prop-types": "^15.5.8"
      }
    },
    "@alifd/next": {
      "version": "1.22.24",
      "resolved": "https://registry.nlark.com/@alifd/next/download/@alifd/next-1.22.24.tgz",
      "integrity": "sha1-U6gwMh8I91bTjp3rcJrdkV7SLeQ=",
      "requires": {
        "@alifd/field": "~1.4.1",
        "@alifd/validate": "~1.2.0",
        "babel-runtime": "^6.26.0",
        "classnames": "^2.2.3",
        "dayjs": "^1.9.6",
        "hoist-non-react-statics": "^2.1.0",
        "lodash.clonedeep": "^4.5.0",
        "prop-types": "^15.6.0",
        "react-lifecycles-compat": "^3.0.4",
        "react-transition-group": "^2.2.1",
        "resize-observer-polyfill": "^1.5.1",
        "shallow-element-equals": "^1.0.1"
      }
    },
    "@alifd/validate": {
      "version": "1.2.3",
      "resolved": "https://registry.nlark.com/@alifd/validate/download/@alifd/validate-1.2.3.tgz?cache=0&sync_timestamp=1619172771870&other_urls=https%3A%2F%2Fregistry.nlark.com%2F%40alifd%2Fvalidate%2Fdownload%2F%40alifd%2Fvalidate-1.2.3.tgz",
      "integrity": "sha1-O3+IChqVVHCzA/3c5a+kKp8tn/I="
    },
    "@babel/runtime": {
      "version": "7.14.0",
      "resolved": "https://registry.nlark.com/@babel/runtime/download/@babel/runtime-7.14.0.tgz?cache=0&sync_timestamp=1619727528467&other_urls=https%3A%2F%2Fregistry.nlark.com%2F%40babel%2Fruntime%2Fdownload%2F%40babel%2Fruntime-7.14.0.tgz",
      "integrity": "sha1-RnlLwgthLF915i3QceJN/ZXxy+Y=",
      "requires": {
        "regenerator-runtime": "^0.13.4"
      },
      "dependencies": {
        "regenerator-runtime": {
          "version": "0.13.7",
          "resolved": "https://registry.npm.taobao.org/regenerator-runtime/download/regenerator-runtime-0.13.7.tgz",
          "integrity": "sha1-ysLazIoepnX+qrrriugziYrkb1U="
        }
      }
    },
    "@types/prop-types": {
      "version": "15.7.3",
      "resolved": "https://registry.npm.taobao.org/@types/prop-types/download/@types/prop-types-15.7.3.tgz?cache=0&sync_timestamp=1613379624021&other_urls=https%3A%2F%2Fregistry.npm.taobao.org%2F%40types%2Fprop-types%2Fdownload%2F%40types%2Fprop-types-15.7.3.tgz",
      "integrity": "sha1-KrDV2i5YFflLC51LldHl8kOrLKc=",
      "dev": true
    },
    "@types/react": {
      "version": "17.0.5",
      "resolved": "https://registry.nlark.com/@types/react/download/@types/react-17.0.5.tgz?cache=0&sync_timestamp=1620163536027&other_urls=https%3A%2F%2Fregistry.nlark.com%2F%40types%2Freact%2Fdownload%2F%40types%2Freact-17.0.5.tgz",
      "integrity": "sha1-PYh1cMRIkBH3Wj/I+WW/h9CaG+o=",
      "dev": true,
      "requires": {
        "@types/prop-types": "*",
        "@types/scheduler": "*",
        "csstype": "^3.0.2"
      }
    },
    "@types/react-dom": {
      "version": "17.0.3",
      "resolved": "https://registry.npm.taobao.org/@types/react-dom/download/@types/react-dom-17.0.3.tgz?cache=0&sync_timestamp=1616459846494&other_urls=https%3A%2F%2Fregistry.npm.taobao.org%2F%40types%2Freact-dom%2Fdownload%2F%40types%2Freact-dom-17.0.3.tgz",
      "integrity": "sha1-f983uK+dbUAScTeGW7P/+IcdfuE=",
      "dev": true,
      "requires": {
        "@types/react": "*"
      }
    },
    "@types/scheduler": {
      "version": "0.16.1",
      "resolved": "https://registry.npm.taobao.org/@types/scheduler/download/@types/scheduler-0.16.1.tgz",
      "integrity": "sha1-GIRSBehv8AOFF6q3oYpiprn3EnU=",
      "dev": true
    },
    "babel-runtime": {
      "version": "6.26.0",
      "resolved": "https://registry.npm.taobao.org/babel-runtime/download/babel-runtime-6.26.0.tgz",
      "integrity": "sha1-llxwWGaOgrVde/4E/yM3vItWR/4=",
      "requires": {
        "core-js": "^2.4.0",
        "regenerator-runtime": "^0.11.0"
      }
    },
    "classnames": {
      "version": "2.3.1",
      "resolved": "https://registry.nlark.com/classnames/download/classnames-2.3.1.tgz?cache=0&sync_timestamp=1618846966125&other_urls=https%3A%2F%2Fregistry.nlark.com%2Fclassnames%2Fdownload%2Fclassnames-2.3.1.tgz",
      "integrity": "sha1-38+jiR4wbsHa0QXQ6I9EF7hTXo4="
    },
    "core-js": {
      "version": "2.6.12",
      "resolved": "https://registry.nlark.com/core-js/download/core-js-2.6.12.tgz?cache=0&sync_timestamp=1620292322227&other_urls=https%3A%2F%2Fregistry.nlark.com%2Fcore-js%2Fdownload%2Fcore-js-2.6.12.tgz",
      "integrity": "sha1-2TM9+nsGXjR8xWgiGdb2kIWcwuw="
    },
    "csstype": {
      "version": "3.0.8",
      "resolved": "https://registry.nlark.com/csstype/download/csstype-3.0.8.tgz",
      "integrity": "sha1-0iZqeScp+yJ80hb7Vy9Dco4a00A=",
      "dev": true
    },
    "dayjs": {
      "version": "1.10.4",
      "resolved": "https://registry.nlark.com/dayjs/download/dayjs-1.10.4.tgz",
      "integrity": "sha1-jlRKm4aD9heD9XCYCoqA6vVKseI="
    },
    "dom-helpers": {
      "version": "3.4.0",
      "resolved": "https://registry.nlark.com/dom-helpers/download/dom-helpers-3.4.0.tgz?cache=0&sync_timestamp=1619452028728&other_urls=https%3A%2F%2Fregistry.nlark.com%2Fdom-helpers%2Fdownload%2Fdom-helpers-3.4.0.tgz",
      "integrity": "sha1-6bNpcA+Vn2Ls3lprq95LzNkWmvg=",
      "requires": {
        "@babel/runtime": "^7.1.2"
      }
    },
    "hoist-non-react-statics": {
      "version": "2.5.5",
      "resolved": "https://registry.npm.taobao.org/hoist-non-react-statics/download/hoist-non-react-statics-2.5.5.tgz",
      "integrity": "sha1-xZA89AnA39kI84jmGdhrnBF0y0c="
    },
    "js-tokens": {
      "version": "4.0.0",
      "resolved": "https://registry.nlark.com/js-tokens/download/js-tokens-4.0.0.tgz",
      "integrity": "sha1-GSA/tZmR35jjoocFDUZHzerzJJk="
    },
    "lodash.clonedeep": {
      "version": "4.5.0",
      "resolved": "https://registry.npm.taobao.org/lodash.clonedeep/download/lodash.clonedeep-4.5.0.tgz",
      "integrity": "sha1-4j8/nE+Pvd6HJSnBBxhXoIblzO8="
    },
    "loose-envify": {
      "version": "1.4.0",
      "resolved": "https://registry.npm.taobao.org/loose-envify/download/loose-envify-1.4.0.tgz",
      "integrity": "sha1-ce5R+nvkyuwaY4OffmgtgTLTDK8=",
      "requires": {
        "js-tokens": "^3.0.0 || ^4.0.0"
      }
    },
    "moment": {
      "version": "2.29.1",
      "resolved": "https://registry.npm.taobao.org/moment/download/moment-2.29.1.tgz",
      "integrity": "sha1-sr52n6MZQL6e7qZGnAdeNQBvo9M="
    },
    "object-assign": {
      "version": "4.1.1",
      "resolved": "https://registry.nlark.com/object-assign/download/object-assign-4.1.1.tgz?cache=0&sync_timestamp=1618846992533&other_urls=https%3A%2F%2Fregistry.nlark.com%2Fobject-assign%2Fdownload%2Fobject-assign-4.1.1.tgz",
      "integrity": "sha1-IQmtx5ZYh8/AXLvUQsrIv7s2CGM="
    },
    "prop-types": {
      "version": "15.7.2",
      "resolved": "https://registry.npm.taobao.org/prop-types/download/prop-types-15.7.2.tgz",
      "integrity": "sha1-UsQedbjIfnK52TYOAga5ncv/psU=",
      "requires": {
        "loose-envify": "^1.4.0",
        "object-assign": "^4.1.1",
        "react-is": "^16.8.1"
      }
    },
    "react": {
      "version": "17.0.2",
      "resolved": "https://registry.nlark.com/react/download/react-17.0.2.tgz",
      "integrity": "sha1-0LXMUW0p6z7uOD91tihkz7aAADc=",
      "requires": {
        "loose-envify": "^1.1.0",
        "object-assign": "^4.1.1"
      }
    },
    "react-dom": {
      "version": "17.0.2",
      "resolved": "https://registry.nlark.com/react-dom/download/react-dom-17.0.2.tgz",
      "integrity": "sha1-7P+2hF462Nv83EmPDQqTlzZQLCM=",
      "requires": {
        "loose-envify": "^1.1.0",
        "object-assign": "^4.1.1",
        "scheduler": "^0.20.2"
      }
    },
    "react-is": {
      "version": "16.13.1",
      "resolved": "https://registry.nlark.com/react-is/download/react-is-16.13.1.tgz?cache=0&sync_timestamp=1620404833403&other_urls=https%3A%2F%2Fregistry.nlark.com%2Freact-is%2Fdownload%2Freact-is-16.13.1.tgz",
      "integrity": "sha1-eJcppNw23imZ3BVt1sHZwYzqVqQ="
    },
    "react-lifecycles-compat": {
      "version": "3.0.4",
      "resolved": "https://registry.npm.taobao.org/react-lifecycles-compat/download/react-lifecycles-compat-3.0.4.tgz",
      "integrity": "sha1-TxonOv38jzSIqMUWv9p4+HI1I2I="
    },
    "react-transition-group": {
      "version": "2.9.0",
      "resolved": "https://registry.npm.taobao.org/react-transition-group/download/react-transition-group-2.9.0.tgz",
      "integrity": "sha1-35zbAleWIRFRpDbGmo87l7WwfI0=",
      "requires": {
        "dom-helpers": "^3.4.0",
        "loose-envify": "^1.4.0",
        "prop-types": "^15.6.2",
        "react-lifecycles-compat": "^3.0.4"
      }
    },
    "regenerator-runtime": {
      "version": "0.11.1",
      "resolved": "https://registry.npm.taobao.org/regenerator-runtime/download/regenerator-runtime-0.11.1.tgz",
      "integrity": "sha1-vgWtf5v30i4Fb5cmzuUBf78Z4uk="
    },
    "resize-observer-polyfill": {
      "version": "1.5.1",
      "resolved": "https://registry.npm.taobao.org/resize-observer-polyfill/download/resize-observer-polyfill-1.5.1.tgz",
      "integrity": "sha1-DpAg3T0hAkRY1OvSfiPkAmmBBGQ="
    },
    "scheduler": {
      "version": "0.20.2",
      "resolved": "https://registry.nlark.com/scheduler/download/scheduler-0.20.2.tgz?cache=0&sync_timestamp=1620404668502&other_urls=https%3A%2F%2Fregistry.nlark.com%2Fscheduler%2Fdownload%2Fscheduler-0.20.2.tgz",
      "integrity": "sha1-S67jlDbjSqk7SHS93L8P6Li1DpE=",
      "requires": {
        "loose-envify": "^1.1.0",
        "object-assign": "^4.1.1"
      }
    },
    "shallow-element-equals": {
      "version": "1.0.1",
      "resolved": "https://registry.npm.taobao.org/shallow-element-equals/download/shallow-element-equals-1.0.1.tgz",
      "integrity": "sha1-UHObfZStdWehNBc9P0QiOH7VfOY=",
      "requires": {
        "style-equal": "^1.0.0"
      }
    },
    "style-equal": {
      "version": "1.0.0",
      "resolved": "https://registry.npm.taobao.org/style-equal/download/style-equal-1.0.0.tgz",
      "integrity": "sha1-mKHFkiImv+E8GW5z8ZQOkbjmZZU="
    }
  }
}
