{
  "name": "dn-middleware-pkginfo",
  "version": "1.1.2",
  "lockfileVersion": 1,
  "requires": true,
  "dependencies": {
    "@ali/dn-middleware-query": {
      "version": "1.2.9",
      "resolved": "https://registry.npm.alibaba-inc.com/@ali/dn-middleware-query/download/@ali/dn-middleware-query-1.2.9.tgz",
      "integrity": "sha1-s+1iAh0FMxsUGsd+94XhvxZF2sw=",
      "dev": true,
      "requires": {
        "koa": "^2.6.2",
        "koa-simple-cors": "^1.0.0",
        "oneport": "^1.0.2",
        "yamlql-client": "^1.1.2",
        "yamlql-koa": "^2.0.0"
      }
    },
    "@ali/dn-middleware-stats": {
      "version": "1.0.9",
      "resolved": "https://registry.npm.alibaba-inc.com/@ali/dn-middleware-stats/download/@ali/dn-middleware-stats-1.0.9.tgz",
      "integrity": "sha1-0H4PKgWZMQ7D0g71P5VIoyEcziE=",
      "dev": true,
      "requires": {
        "node-fetch": "^2.3.0"
      }
    },
    "@types/axios": {
      "version": "0.14.0",
      "resolved": "https://registry.npm.alibaba-inc.com/@types/axios/download/@types/axios-0.14.0.tgz",
      "integrity": "sha1-7CMA++fX3d1+udOr+HmZlkyvzkY=",
      "dev": true,
      "requires": {
        "axios": "*"
      }
    },
    "@types/classnames": {
      "version": "2.2.7",
      "resolved": "https://registry.npm.alibaba-inc.com/@types/classnames/download/@types/classnames-2.2.7.tgz",
      "integrity": "sha1-+2jMm+hIfm6lsTcA51m/urfg/v0=",
      "dev": true
    },
    "@types/prop-types": {
      "version": "15.7.1",
      "resolved": "https://registry.npm.alibaba-inc.com/@types/prop-types/download/@types/prop-types-15.7.1.tgz",
      "integrity": "sha1-8aEee6uww8rWgQC+OB0eBkxo8fY=",
      "dev": true
    },
    "@types/react": {
      "version": "16.8.17",
      "resolved": "https://registry.npm.alibaba-inc.com/@types/react/download/@types/react-16.8.17.tgz",
      "integrity": "sha1-8oe3alutuTvJqj9UUho+tT1sI3Q=",
      "dev": true,
      "requires": {
        "@types/prop-types": "*",
        "csstype": "^2.2.0"
      }
    },
    "@types/react-dom": {
      "version": "16.8.4",
      "resolved": "https://registry.npm.alibaba-inc.com/@types/react-dom/download/@types/react-dom-16.8.4.tgz",
      "integrity": "sha1-f7e6NohXx6oPTkURxHEMosWhKog=",
      "dev": true,
      "requires": {
        "@types/react": "*"
      }
    },
    "@types/react-monaco-editor": {
      "version": "0.10.1",
      "resolved": "https://registry.npm.alibaba-inc.com/@types/react-monaco-editor/download/@types/react-monaco-editor-0.10.1.tgz",
      "integrity": "sha1-fb6g2nqRCbB94D6lnbGT6hqTdS4=",
      "dev": true,
      "requires": {
        "@types/react": "*",
        "monaco-editor": "^0.10.0"
      },
      "dependencies": {
        "monaco-editor": {
          "version": "0.10.1",
          "resolved": "https://registry.npm.alibaba-inc.com/monaco-editor/download/monaco-editor-0.10.1.tgz",
          "integrity": "sha1-jJbE8VtrUli/ksvek8rYp+MAfhQ=",
          "dev": true
        }
      }
    },
    "accepts": {
      "version": "1.3.7",
      "resolved": "https://registry.npm.alibaba-inc.com/accepts/download/accepts-1.3.7.tgz",
      "integrity": "sha1-UxvHJlF6OytB+FACHGzBXqq1B80=",
      "dev": true,
      "requires": {
        "mime-types": "~2.1.24",
        "negotiator": "0.6.2"
      }
    },
    "any-promise": {
      "version": "1.3.0",
      "resolved": "https://registry.npm.alibaba-inc.com/any-promise/download/any-promise-1.3.0.tgz",
      "integrity": "sha1-q8av7tzqUugJzcA3au0845Y10X8=",
      "dev": true
    },
    "argparse": {
      "version": "1.0.10",
      "resolved": "https://registry.npm.alibaba-inc.com/argparse/download/argparse-1.0.10.tgz",
      "integrity": "sha1-vNZ5HqWuCXJeF+WtmIE0zUCz2RE=",
      "dev": true,
      "requires": {
        "sprintf-js": "~1.0.2"
      }
    },
    "array-flatten": {
      "version": "1.1.1",
      "resolved": "https://registry.npm.alibaba-inc.com/array-flatten/download/array-flatten-1.1.1.tgz",
      "integrity": "sha1-ml9pkFGx5wczKPKgCJaLZOopVdI=",
      "dev": true
    },
    "axios": {
      "version": "0.18.0",
      "resolved": "https://registry.npm.alibaba-inc.com/axios/download/axios-0.18.0.tgz",
      "integrity": "sha1-MtU+SFHv3AoRmTts0AB4nXDAUQI=",
      "dev": true,
      "requires": {
        "follow-redirects": "^1.3.0",
        "is-buffer": "^1.1.5"
      }
    },
    "body-parser": {
      "version": "1.19.0",
      "resolved": "https://registry.npm.alibaba-inc.com/body-parser/download/body-parser-1.19.0.tgz",
      "integrity": "sha1-lrJwnlfJxOCab9Zqj9l5hE9p8Io=",
      "dev": true,
      "requires": {
        "bytes": "3.1.0",
        "content-type": "~1.0.4",
        "debug": "2.6.9",
        "depd": "~1.1.2",
        "http-errors": "1.7.2",
        "iconv-lite": "0.4.24",
        "on-finished": "~2.3.0",
        "qs": "6.7.0",
        "raw-body": "2.4.0",
        "type-is": "~1.6.17"
      },
      "dependencies": {
        "debug": {
          "version": "2.6.9",
          "resolved": "https://registry.npm.alibaba-inc.com/debug/download/debug-2.6.9.tgz",
          "integrity": "sha1-XRKFFd8TT/Mn6QpMk/Tgd6U2NB8=",
          "dev": true,
          "requires": {
            "ms": "2.0.0"
          }
        }
      }
    },
    "bytes": {
      "version": "3.1.0",
      "resolved": "https://registry.npm.alibaba-inc.com/bytes/download/bytes-3.1.0.tgz",
      "integrity": "sha1-9s95M6Ng4FiPqf3oVlHNx/gF0fY=",
      "dev": true
    },
    "cache-content-type": {
      "version": "1.0.1",
      "resolved": "https://registry.npm.alibaba-inc.com/cache-content-type/download/cache-content-type-1.0.1.tgz",
      "integrity": "sha1-A1zeKwjuISn0qDFeqPAKANuhRTw=",
      "dev": true,
      "requires": {
        "mime-types": "^2.1.18",
        "ylru": "^1.2.0"
      }
    },
    "cify": {
      "version": "2.1.12",
      "resolved": "https://registry.npm.alibaba-inc.com/cify/download/cify-2.1.12.tgz",
      "integrity": "sha1-QMJpBv62heLyqM73nJvTwpElgEs=",
      "dev": true,
      "requires": {
        "ntils": "^3.1.9"
      },
      "dependencies": {
        "ntils": {
          "version": "3.1.11",
          "resolved": "https://registry.npm.alibaba-inc.com/ntils/download/ntils-3.1.11.tgz",
          "integrity": "sha1-Zyw2Rv2H0Gaal4bMWS7F7xrW9d4=",
          "dev": true
        }
      }
    },
    "classnames": {
      "version": "2.2.6",
      "resolved": "https://registry.npm.alibaba-inc.com/classnames/download/classnames-2.2.6.tgz",
      "integrity": "sha1-Q5Nb/90pHzJtrQogUwmzjQD2UM4=",
      "dev": true
    },
    "co": {
      "version": "4.6.0",
      "resolved": "https://registry.npm.alibaba-inc.com/co/download/co-4.6.0.tgz",
      "integrity": "sha1-bqa989hTrlTMuOR7+gvz+QMfsYQ=",
      "dev": true
    },
    "co-body": {
      "version": "6.0.0",
      "resolved": "https://registry.npm.alibaba-inc.com/co-body/download/co-body-6.0.0.tgz",
      "integrity": "sha1-lluTN9f1ZVSAeHRx9CN2ZIIIJ+M=",
      "dev": true,
      "requires": {
        "inflation": "^2.0.0",
        "qs": "^6.5.2",
        "raw-body": "^2.3.3",
        "type-is": "^1.6.16"
      }
    },
    "content-disposition": {
      "version": "0.5.3",
      "resolved": "https://registry.npm.alibaba-inc.com/content-disposition/download/content-disposition-0.5.3.tgz",
      "integrity": "sha1-4TDK9+cnkIfFYWwgB9BIVpiYT70=",
      "dev": true,
      "requires": {
        "safe-buffer": "5.1.2"
      }
    },
    "content-type": {
      "version": "1.0.4",
      "resolved": "https://registry.npm.alibaba-inc.com/content-type/download/content-type-1.0.4.tgz",
      "integrity": "sha1-4TjMdeBAxyexlm/l5fjJruJW/js=",
      "dev": true
    },
    "cookie": {
      "version": "0.4.0",
      "resolved": "https://registry.npm.alibaba-inc.com/cookie/download/cookie-0.4.0.tgz",
      "integrity": "sha1-vrQ35wIrO21JAZ0IhmUwPr6cFLo=",
      "dev": true
    },
    "cookie-signature": {
      "version": "1.0.6",
      "resolved": "https://registry.npm.alibaba-inc.com/cookie-signature/download/cookie-signature-1.0.6.tgz",
      "integrity": "sha1-4wOogrNCzD7oylE6eZmXNNqzriw=",
      "dev": true
    },
    "cookies": {
      "version": "0.7.3",
      "resolved": "https://registry.npm.alibaba-inc.com/cookies/download/cookies-0.7.3.tgz",
      "integrity": "sha1-eRLOIfvy6MLacM8cPzUa7PWdrfo=",
      "dev": true,
      "requires": {
        "depd": "~1.1.2",
        "keygrip": "~1.0.3"
      }
    },
    "copy-to": {
      "version": "2.0.1",
      "resolved": "https://registry.npm.alibaba-inc.com/copy-to/download/copy-to-2.0.1.tgz",
      "integrity": "sha1-JoD7uAaKSNCGVrYJgJK9r8kG9KU=",
      "dev": true
    },
    "csstype": {
      "version": "2.6.4",
      "resolved": "https://registry.npm.alibaba-inc.com/csstype/download/csstype-2.6.4.tgz",
      "integrity": "sha1-1YWmBiCW4yTnGH+A4E+SvQ8A438=",
      "dev": true
    },
    "debug": {
      "version": "3.1.0",
      "resolved": "https://registry.npm.alibaba-inc.com/debug/download/debug-3.1.0.tgz",
      "integrity": "sha1-W7WgZyYotkFJVmuhaBnmFRjGcmE=",
      "dev": true,
      "requires": {
        "ms": "2.0.0"
      }
    },
    "deep-equal": {
      "version": "1.0.1",
      "resolved": "https://registry.npm.alibaba-inc.com/deep-equal/download/deep-equal-1.0.1.tgz",
      "integrity": "sha1-9dJgKStmDghO/0zbyfCK0yR0SLU=",
      "dev": true
    },
    "delegates": {
      "version": "1.0.0",
      "resolved": "https://registry.npm.alibaba-inc.com/delegates/download/delegates-1.0.0.tgz",
      "integrity": "sha1-hMbhWbgZBP3KWaDvRM2HDTElD5o=",
      "dev": true
    },
    "depd": {
      "version": "1.1.2",
      "resolved": "https://registry.npm.alibaba-inc.com/depd/download/depd-1.1.2.tgz",
      "integrity": "sha1-m81S4UwJd2PnSbJ0xDRu0uVgtak=",
      "dev": true
    },
    "destroy": {
      "version": "1.0.4",
      "resolved": "http://registry.npm.alibaba-inc.com/destroy/download/destroy-1.0.4.tgz",
      "integrity": "sha1-l4hXRCxEdJ5CBmE+N5RiBYJqvYA=",
      "dev": true
    },
    "dify": {
      "version": "1.0.5",
      "resolved": "https://registry.npm.alibaba-inc.com/dify/download/dify-1.0.5.tgz",
      "integrity": "sha1-LpsBVOwTCrklVyasTOzrnXM4zwM=",
      "dev": true
    },
    "ee-first": {
      "version": "1.1.1",
      "resolved": "https://registry.npm.alibaba-inc.com/ee-first/download/ee-first-1.1.1.tgz",
      "integrity": "sha1-WQxhFWsK4vTwJVcyoViyZrxWsh0=",
      "dev": true
    },
    "encodeurl": {
      "version": "1.0.2",
      "resolved": "https://registry.npm.alibaba-inc.com/encodeurl/download/encodeurl-1.0.2.tgz",
      "integrity": "sha1-rT/0yG7C0CkyL1oCw6mmBslbP1k=",
      "dev": true
    },
    "error-inject": {
      "version": "1.0.0",
      "resolved": "http://registry.npm.alibaba-inc.com/error-inject/download/error-inject-1.0.0.tgz",
      "integrity": "sha1-4rPZG1Su1nLzCdlQ0VSFD6EdTzc=",
      "dev": true
    },
    "escape-html": {
      "version": "1.0.3",
      "resolved": "https://registry.npm.alibaba-inc.com/escape-html/download/escape-html-1.0.3.tgz",
      "integrity": "sha1-Aljq5NPQwJdN4cFpGI7wBR0dGYg=",
      "dev": true
    },
    "esprima": {
      "version": "4.0.1",
      "resolved": "https://registry.npm.alibaba-inc.com/esprima/download/esprima-4.0.1.tgz",
      "integrity": "sha1-E7BM2z5sXRnfkatph6hpVhmwqnE=",
      "dev": true
    },
    "etag": {
      "version": "1.8.1",
      "resolved": "https://registry.npm.alibaba-inc.com/etag/download/etag-1.8.1.tgz",
      "integrity": "sha1-Qa4u62XvpiJorr/qg6x9eSmbCIc=",
      "dev": true
    },
    "express": {
      "version": "4.17.0",
      "resolved": "https://registry.npm.alibaba-inc.com/express/download/express-4.17.0.tgz",
      "integrity": "sha1-KIr2IiinP0yOopkLo7eRu4fNRDg=",
      "dev": true,
      "requires": {
        "accepts": "~1.3.7",
        "array-flatten": "1.1.1",
        "body-parser": "1.19.0",
        "content-disposition": "0.5.3",
        "content-type": "~1.0.4",
        "cookie": "0.4.0",
        "cookie-signature": "1.0.6",
        "debug": "2.6.9",
        "depd": "~1.1.2",
        "encodeurl": "~1.0.2",
        "escape-html": "~1.0.3",
        "etag": "~1.8.1",
        "finalhandler": "~1.1.2",
        "fresh": "0.5.2",
        "merge-descriptors": "1.0.1",
        "methods": "~1.1.2",
        "on-finished": "~2.3.0",
        "parseurl": "~1.3.3",
        "path-to-regexp": "0.1.7",
        "proxy-addr": "~2.0.5",
        "qs": "6.7.0",
        "range-parser": "~1.2.1",
        "safe-buffer": "5.1.2",
        "send": "0.17.1",
        "serve-static": "1.14.1",
        "setprototypeof": "1.1.1",
        "statuses": "~1.5.0",
        "type-is": "~1.6.18",
        "utils-merge": "1.0.1",
        "vary": "~1.1.2"
      },
      "dependencies": {
        "debug": {
          "version": "2.6.9",
          "resolved": "https://registry.npm.alibaba-inc.com/debug/download/debug-2.6.9.tgz",
          "integrity": "sha1-XRKFFd8TT/Mn6QpMk/Tgd6U2NB8=",
          "dev": true,
          "requires": {
            "ms": "2.0.0"
          }
        }
      }
    },
    "finalhandler": {
      "version": "1.1.2",
      "resolved": "https://registry.npm.alibaba-inc.com/finalhandler/download/finalhandler-1.1.2.tgz",
      "integrity": "sha1-t+fQAP/RGTjQ/bBTUG9uur6fWH0=",
      "dev": true,
      "requires": {
        "debug": "2.6.9",
        "encodeurl": "~1.0.2",
        "escape-html": "~1.0.3",
        "on-finished": "~2.3.0",
        "parseurl": "~1.3.3",
        "statuses": "~1.5.0",
        "unpipe": "~1.0.0"
      },
      "dependencies": {
        "debug": {
          "version": "2.6.9",
          "resolved": "https://registry.npm.alibaba-inc.com/debug/download/debug-2.6.9.tgz",
          "integrity": "sha1-XRKFFd8TT/Mn6QpMk/Tgd6U2NB8=",
          "dev": true,
          "requires": {
            "ms": "2.0.0"
          }
        }
      }
    },
    "follow-redirects": {
      "version": "1.7.0",
      "resolved": "https://registry.npm.alibaba-inc.com/follow-redirects/download/follow-redirects-1.7.0.tgz",
      "integrity": "sha1-SJ68GY3A5/ZBZ70jsDxMGbV4THY=",
      "dev": true,
      "requires": {
        "debug": "^3.2.6"
      },
      "dependencies": {
        "debug": {
          "version": "3.2.6",
          "resolved": "https://registry.npm.alibaba-inc.com/debug/download/debug-3.2.6.tgz",
          "integrity": "sha1-6D0X3hbYp++3cX7b5fsQE17uYps=",
          "dev": true,
          "requires": {
            "ms": "^2.1.1"
          }
        },
        "ms": {
          "version": "2.1.1",
          "resolved": "https://registry.npm.alibaba-inc.com/ms/download/ms-2.1.1.tgz",
          "integrity": "sha1-MKWGTrPrsKZvLr5tcnrwagnYbgo=",
          "dev": true
        }
      }
    },
    "font-awesome": {
      "version": "4.7.0",
      "resolved": "https://registry.npm.alibaba-inc.com/font-awesome/download/font-awesome-4.7.0.tgz",
      "integrity": "sha1-j6jPBBGhoxr9B7BtKQK7n8gVoTM=",
      "dev": true
    },
    "forwarded": {
      "version": "0.1.2",
      "resolved": "https://registry.npm.alibaba-inc.com/forwarded/download/forwarded-0.1.2.tgz",
      "integrity": "sha1-mMI9qxF1ZXuMBXPozszZGw/xjIQ=",
      "dev": true
    },
    "fresh": {
      "version": "0.5.2",
      "resolved": "https://registry.npm.alibaba-inc.com/fresh/download/fresh-0.5.2.tgz",
      "integrity": "sha1-PYyt2Q2XZWn6g1qx+OSyOhBWBac=",
      "dev": true
    },
    "http-assert": {
      "version": "1.4.1",
      "resolved": "https://registry.npm.alibaba-inc.com/http-assert/download/http-assert-1.4.1.tgz",
      "integrity": "sha1-xfcl1neqfoc+9zYZm4lobM6zeHg=",
      "dev": true,
      "requires": {
        "deep-equal": "~1.0.1",
        "http-errors": "~1.7.2"
      }
    },
    "http-errors": {
      "version": "1.7.2",
      "resolved": "https://registry.npm.alibaba-inc.com/http-errors/download/http-errors-1.7.2.tgz",
      "integrity": "sha1-T1ApzxMjnzEDblsuVSkrz7zIXI8=",
      "dev": true,
      "requires": {
        "depd": "~1.1.2",
        "inherits": "2.0.3",
        "setprototypeof": "1.1.1",
        "statuses": ">= 1.5.0 < 2",
        "toidentifier": "1.0.0"
      }
    },
    "iconv-lite": {
      "version": "0.4.24",
      "resolved": "https://registry.npm.alibaba-inc.com/iconv-lite/download/iconv-lite-0.4.24.tgz",
      "integrity": "sha1-ICK0sl+93CHS9SSXSkdKr+czkIs=",
      "dev": true,
      "requires": {
        "safer-buffer": ">= 2.1.2 < 3"
      }
    },
    "impress-router": {
      "version": "1.6.0",
      "resolved": "https://registry.npm.alibaba-inc.com/impress-router/download/impress-router-1.6.0.tgz",
      "integrity": "sha1-3vR+UTMovVV9S8r9zFv0PWvrN78=",
      "dev": true,
      "requires": {
        "debug": "^4.1.1",
        "koa-compose": "^4.1.0",
        "lodash": "^4.17.11",
        "methods": "^1.1.2",
        "path-to-regexp": "^2.3.0"
      },
      "dependencies": {
        "debug": {
          "version": "4.1.1",
          "resolved": "https://registry.npm.alibaba-inc.com/debug/download/debug-4.1.1.tgz",
          "integrity": "sha1-O3ImAlUQnGtYnO4FDx1RYTlmR5E=",
          "dev": true,
          "requires": {
            "ms": "^2.1.1"
          }
        },
        "ms": {
          "version": "2.1.1",
          "resolved": "https://registry.npm.alibaba-inc.com/ms/download/ms-2.1.1.tgz",
          "integrity": "sha1-MKWGTrPrsKZvLr5tcnrwagnYbgo=",
          "dev": true
        },
        "path-to-regexp": {
          "version": "2.4.0",
          "resolved": "https://registry.npm.alibaba-inc.com/path-to-regexp/download/path-to-regexp-2.4.0.tgz",
          "integrity": "sha1-Nc5/Mz1WFvHB4b/iZsOrouWy5wQ=",
          "dev": true
        }
      }
    },
    "inflation": {
      "version": "2.0.0",
      "resolved": "https://registry.npm.alibaba-inc.com/inflation/download/inflation-2.0.0.tgz",
      "integrity": "sha1-i0F+R8KPklpFEz2RTKH9OJEH8w8=",
      "dev": true
    },
    "inherits": {
      "version": "2.0.3",
      "resolved": "https://registry.npm.alibaba-inc.com/inherits/download/inherits-2.0.3.tgz",
      "integrity": "sha1-Yzwsg+PaQqUC9SRmAiSA9CCCYd4=",
      "dev": true
    },
    "ipaddr.js": {
      "version": "1.9.0",
      "resolved": "https://registry.npm.alibaba-inc.com/ipaddr.js/download/ipaddr.js-1.9.0.tgz",
      "integrity": "sha1-N9905DCg5HVQ/lSi3v4w2KzZX2U=",
      "dev": true
    },
    "is-buffer": {
      "version": "1.1.6",
      "resolved": "https://registry.npm.alibaba-inc.com/is-buffer/download/is-buffer-1.1.6.tgz",
      "integrity": "sha1-76ouqdqg16suoTqXsritUf776L4=",
      "dev": true
    },
    "is-generator-function": {
      "version": "1.0.7",
      "resolved": "https://registry.npm.alibaba-inc.com/is-generator-function/download/is-generator-function-1.0.7.tgz",
      "integrity": "sha1-0hMuUpuwAAp/gHlNS99c1eWBNSI=",
      "dev": true
    },
    "isarray": {
      "version": "0.0.1",
      "resolved": "https://registry.npm.alibaba-inc.com/isarray/download/isarray-0.0.1.tgz",
      "integrity": "sha1-ihis/Kmo9Bd+Cav8YDiTmwXR7t8=",
      "dev": true
    },
    "js-tokens": {
      "version": "4.0.0",
      "resolved": "https://registry.npm.alibaba-inc.com/js-tokens/download/js-tokens-4.0.0.tgz",
      "integrity": "sha1-GSA/tZmR35jjoocFDUZHzerzJJk=",
      "dev": true
    },
    "js-yaml": {
      "version": "3.13.1",
      "resolved": "https://registry.npm.alibaba-inc.com/js-yaml/download/js-yaml-3.13.1.tgz",
      "integrity": "sha1-r/FRswv9+o5J4F2iLnQV6d+jeEc=",
      "dev": true,
      "requires": {
        "argparse": "^1.0.7",
        "esprima": "^4.0.0"
      }
    },
    "keygrip": {
      "version": "1.0.3",
      "resolved": "https://registry.npm.alibaba-inc.com/keygrip/download/keygrip-1.0.3.tgz",
      "integrity": "sha1-OZ1wnwrtK6sKBZ4M3TpQI6BT4dw=",
      "dev": true
    },
    "koa": {
      "version": "2.7.0",
      "resolved": "https://registry.npm.alibaba-inc.com/koa/download/koa-2.7.0.tgz",
      "integrity": "sha1-fgCENQaUK52CxswzdJ9lfG5eet8=",
      "dev": true,
      "requires": {
        "accepts": "^1.3.5",
        "cache-content-type": "^1.0.0",
        "content-disposition": "~0.5.2",
        "content-type": "^1.0.4",
        "cookies": "~0.7.1",
        "debug": "~3.1.0",
        "delegates": "^1.0.0",
        "depd": "^1.1.2",
        "destroy": "^1.0.4",
        "error-inject": "^1.0.0",
        "escape-html": "^1.0.3",
        "fresh": "~0.5.2",
        "http-assert": "^1.3.0",
        "http-errors": "^1.6.3",
        "is-generator-function": "^1.0.7",
        "koa-compose": "^4.1.0",
        "koa-convert": "^1.2.0",
        "koa-is-json": "^1.0.0",
        "on-finished": "^2.3.0",
        "only": "~0.0.2",
        "parseurl": "^1.3.2",
        "statuses": "^1.5.0",
        "type-is": "^1.6.16",
        "vary": "^1.1.2"
      }
    },
    "koa-bodyparser": {
      "version": "4.2.1",
      "resolved": "https://registry.npm.alibaba-inc.com/koa-bodyparser/download/koa-bodyparser-4.2.1.tgz",
      "integrity": "sha1-TX2stebbEQZkm1ldnlzLFYtvOyk=",
      "dev": true,
      "requires": {
        "co-body": "^6.0.0",
        "copy-to": "^2.0.1"
      }
    },
    "koa-compose": {
      "version": "4.1.0",
      "resolved": "https://registry.npm.alibaba-inc.com/koa-compose/download/koa-compose-4.1.0.tgz",
      "integrity": "sha1-UHMGuTcZAdtBEhyBLpI9DWfT6Hc=",
      "dev": true
    },
    "koa-convert": {
      "version": "1.2.0",
      "resolved": "https://registry.npm.alibaba-inc.com/koa-convert/download/koa-convert-1.2.0.tgz",
      "integrity": "sha1-2kCHXfSd4FOQmNFwC1CCDOvNIdA=",
      "dev": true,
      "requires": {
        "co": "^4.6.0",
        "koa-compose": "^3.0.0"
      },
      "dependencies": {
        "koa-compose": {
          "version": "3.2.1",
          "resolved": "https://registry.npm.alibaba-inc.com/koa-compose/download/koa-compose-3.2.1.tgz",
          "integrity": "sha1-qFzLQLfZhtjlo0Wzoazo6rz1Tec=",
          "dev": true,
          "requires": {
            "any-promise": "^1.1.0"
          }
        }
      }
    },
    "koa-is-json": {
      "version": "1.0.0",
      "resolved": "http://registry.npm.alibaba-inc.com/koa-is-json/download/koa-is-json-1.0.0.tgz",
      "integrity": "sha1-JzwH7c3Ljfaiwat9We52SRRR7BQ=",
      "dev": true
    },
    "koa-router": {
      "version": "7.4.0",
      "resolved": "https://registry.npm.alibaba-inc.com/koa-router/download/koa-router-7.4.0.tgz",
      "integrity": "sha1-ruH3rcAtXLMdfWdGXJ6syCXoxeA=",
      "dev": true,
      "requires": {
        "debug": "^3.1.0",
        "http-errors": "^1.3.1",
        "koa-compose": "^3.0.0",
        "methods": "^1.0.1",
        "path-to-regexp": "^1.1.1",
        "urijs": "^1.19.0"
      },
      "dependencies": {
        "koa-compose": {
          "version": "3.2.1",
          "resolved": "https://registry.npm.alibaba-inc.com/koa-compose/download/koa-compose-3.2.1.tgz",
          "integrity": "sha1-qFzLQLfZhtjlo0Wzoazo6rz1Tec=",
          "dev": true,
          "requires": {
            "any-promise": "^1.1.0"
          }
        },
        "path-to-regexp": {
          "version": "1.7.0",
          "resolved": "https://registry.npm.alibaba-inc.com/path-to-regexp/download/path-to-regexp-1.7.0.tgz",
          "integrity": "sha1-Wf3g9DW62suhA6hOnTvGTpa5k30=",
          "dev": true,
          "requires": {
            "isarray": "0.0.1"
          }
        }
      }
    },
    "koa-send": {
      "version": "4.1.3",
      "resolved": "https://registry.npm.alibaba-inc.com/koa-send/download/koa-send-4.1.3.tgz",
      "integrity": "sha1-CCIge79SU6QUyPF2Xrwp+kE1PLY=",
      "dev": true,
      "requires": {
        "debug": "^2.6.3",
        "http-errors": "^1.6.1",
        "mz": "^2.6.0",
        "resolve-path": "^1.4.0"
      },
      "dependencies": {
        "debug": {
          "version": "2.6.9",
          "resolved": "https://registry.npm.alibaba-inc.com/debug/download/debug-2.6.9.tgz",
          "integrity": "sha1-XRKFFd8TT/Mn6QpMk/Tgd6U2NB8=",
          "dev": true,
          "requires": {
            "ms": "2.0.0"
          }
        }
      }
    },
    "koa-simple-cors": {
      "version": "1.0.0",
      "resolved": "http://registry.npm.alibaba-inc.com/koa-simple-cors/download/koa-simple-cors-1.0.0.tgz",
      "integrity": "sha1-j4ex7/WjH7qkCTW3eNTjeZdLyJo=",
      "dev": true
    },
    "koa-static": {
      "version": "4.0.3",
      "resolved": "https://registry.npm.alibaba-inc.com/koa-static/download/koa-static-4.0.3.tgz",
      "integrity": "sha1-X5OtAPsZBduc5GZnwOi7fSKr/Ng=",
      "dev": true,
      "requires": {
        "debug": "^3.1.0",
        "koa-send": "^4.1.3"
      }
    },
    "lodash": {
      "version": "4.17.11",
      "resolved": "https://registry.npm.alibaba-inc.com/lodash/download/lodash-4.17.11.tgz",
      "integrity": "sha1-s56mIp72B+zYniyN8SU2iRysm40=",
      "dev": true
    },
    "loose-envify": {
      "version": "1.4.0",
      "resolved": "https://registry.npm.alibaba-inc.com/loose-envify/download/loose-envify-1.4.0.tgz",
      "integrity": "sha1-ce5R+nvkyuwaY4OffmgtgTLTDK8=",
      "dev": true,
      "requires": {
        "js-tokens": "^3.0.0 || ^4.0.0"
      }
    },
    "media-typer": {
      "version": "0.3.0",
      "resolved": "https://registry.npm.alibaba-inc.com/media-typer/download/media-typer-0.3.0.tgz",
      "integrity": "sha1-hxDXrwqmJvj/+hzgAWhUUmMlV0g=",
      "dev": true
    },
    "merge-descriptors": {
      "version": "1.0.1",
      "resolved": "https://registry.npm.alibaba-inc.com/merge-descriptors/download/merge-descriptors-1.0.1.tgz",
      "integrity": "sha1-sAqqVW3YtEVoFQ7J0blT8/kMu2E=",
      "dev": true
    },
    "methods": {
      "version": "1.1.2",
      "resolved": "https://registry.npm.alibaba-inc.com/methods/download/methods-1.1.2.tgz",
      "integrity": "sha1-VSmk1nZUE07cxSZmVoNbD4Ua/O4=",
      "dev": true
    },
    "mime": {
      "version": "1.6.0",
      "resolved": "https://registry.npm.alibaba-inc.com/mime/download/mime-1.6.0.tgz",
      "integrity": "sha1-Ms2eXGRVO9WNGaVor0Uqz/BJgbE=",
      "dev": true
    },
    "mime-db": {
      "version": "1.40.0",
      "resolved": "https://registry.npm.alibaba-inc.com/mime-db/download/mime-db-1.40.0.tgz",
      "integrity": "sha1-plBX6ZjbCQ9zKmj2wnbTh9QSbDI=",
      "dev": true
    },
    "mime-types": {
      "version": "2.1.24",
      "resolved": "https://registry.npm.alibaba-inc.com/mime-types/download/mime-types-2.1.24.tgz",
      "integrity": "sha1-tvjQs+lR77d97eyhlM/20W9nb4E=",
      "dev": true,
      "requires": {
        "mime-db": "1.40.0"
      }
    },
    "monaco-editor": {
      "version": "0.12.0",
      "resolved": "https://registry.npm.alibaba-inc.com/monaco-editor/download/monaco-editor-0.12.0.tgz",
      "integrity": "sha1-zYYhAXUmtXdGJFEE12S79SrUIoM=",
      "dev": true
    },
    "mota": {
      "version": "0.6.3",
      "resolved": "https://registry.npm.alibaba-inc.com/mota/download/mota-0.6.3.tgz",
      "integrity": "sha1-kyxoGtq9ZcAkVAs44fvKkDmkizY=",
      "dev": true
    },
    "ms": {
      "version": "2.0.0",
      "resolved": "https://registry.npm.alibaba-inc.com/ms/download/ms-2.0.0.tgz",
      "integrity": "sha1-VgiurfwAvmwpAd9fmGF4jeDVl8g=",
      "dev": true
    },
    "mz": {
      "version": "2.7.0",
      "resolved": "https://registry.npm.alibaba-inc.com/mz/download/mz-2.7.0.tgz",
      "integrity": "sha1-lQCAV6Vsr63CvGPd5/n/aVWUjjI=",
      "dev": true,
      "requires": {
        "any-promise": "^1.0.0",
        "object-assign": "^4.0.1",
        "thenify-all": "^1.0.0"
      }
    },
    "negotiator": {
      "version": "0.6.2",
      "resolved": "https://registry.npm.alibaba-inc.com/negotiator/download/negotiator-0.6.2.tgz",
      "integrity": "sha1-/qz3zPUlp3rpY0Q2pkiD/+yjRvs=",
      "dev": true
    },
    "node-fetch": {
      "version": "2.6.0",
      "resolved": "https://registry.npm.alibaba-inc.com/node-fetch/download/node-fetch-2.6.0.tgz",
      "integrity": "sha1-5jNFY4bUqlWGP2dqerDaqP3ssP0=",
      "dev": true
    },
    "ntils": {
      "version": "2.1.2",
      "resolved": "https://registry.npm.alibaba-inc.com/ntils/download/ntils-2.1.2.tgz",
      "integrity": "sha1-d9PWWD6PycuzydjlsX+RpV2EKq8=",
      "dev": true
    },
    "object-assign": {
      "version": "4.1.1",
      "resolved": "https://registry.npm.alibaba-inc.com/object-assign/download/object-assign-4.1.1.tgz",
      "integrity": "sha1-IQmtx5ZYh8/AXLvUQsrIv7s2CGM=",
      "dev": true
    },
    "on-finished": {
      "version": "2.3.0",
      "resolved": "https://registry.npm.alibaba-inc.com/on-finished/download/on-finished-2.3.0.tgz",
      "integrity": "sha1-IPEzZIGwg811M3mSoWlxqi2QaUc=",
      "dev": true,
      "requires": {
        "ee-first": "1.1.1"
      }
    },
    "oneport": {
      "version": "1.0.2",
      "resolved": "https://registry.npm.alibaba-inc.com/oneport/download/oneport-1.0.2.tgz",
      "integrity": "sha1-MKQmgc7c2wAG+K9Yb85CohCfatM=",
      "dev": true,
      "requires": {
        "cify": "^2.1.1",
        "ntils": "^2.0.3"
      }
    },
    "only": {
      "version": "0.0.2",
      "resolved": "http://registry.npm.alibaba-inc.com/only/download/only-0.0.2.tgz",
      "integrity": "sha1-Kv3oTQPlC5qO3EROMGEKcCle37Q=",
      "dev": true
    },
    "parseurl": {
      "version": "1.3.3",
      "resolved": "https://registry.npm.alibaba-inc.com/parseurl/download/parseurl-1.3.3.tgz",
      "integrity": "sha1-naGee+6NEt/wUT7Vt2lXeTvC6NQ=",
      "dev": true
    },
    "path-is-absolute": {
      "version": "1.0.1",
      "resolved": "https://registry.npm.alibaba-inc.com/path-is-absolute/download/path-is-absolute-1.0.1.tgz",
      "integrity": "sha1-F0uSaHNVNP+8es5r9TpanhtcX18=",
      "dev": true
    },
    "path-to-regexp": {
      "version": "0.1.7",
      "resolved": "https://registry.npm.alibaba-inc.com/path-to-regexp/download/path-to-regexp-0.1.7.tgz",
      "integrity": "sha1-32BBeABfUi8V60SQ5yR6G/qmf4w=",
      "dev": true
    },
    "prop-types": {
      "version": "15.7.2",
      "resolved": "https://registry.npm.alibaba-inc.com/prop-types/download/prop-types-15.7.2.tgz",
      "integrity": "sha1-UsQedbjIfnK52TYOAga5ncv/psU=",
      "dev": true,
      "requires": {
        "loose-envify": "^1.4.0",
        "object-assign": "^4.1.1",
        "react-is": "^16.8.1"
      }
    },
    "proxy-addr": {
      "version": "2.0.5",
      "resolved": "https://registry.npm.alibaba-inc.com/proxy-addr/download/proxy-addr-2.0.5.tgz",
      "integrity": "sha1-NMvWSi2B9LH9IedvnwbIpFKZ7jQ=",
      "dev": true,
      "requires": {
        "forwarded": "~0.1.2",
        "ipaddr.js": "1.9.0"
      }
    },
    "qs": {
      "version": "6.7.0",
      "resolved": "https://registry.npm.alibaba-inc.com/qs/download/qs-6.7.0.tgz",
      "integrity": "sha1-QdwaAV49WB8WIXdr4xr7KHapsbw=",
      "dev": true
    },
    "range-parser": {
      "version": "1.2.1",
      "resolved": "https://registry.npm.alibaba-inc.com/range-parser/download/range-parser-1.2.1.tgz",
      "integrity": "sha1-PPNwI9GZ4cJNGlW4SADC8+ZGgDE=",
      "dev": true
    },
    "raw-body": {
      "version": "2.4.0",
      "resolved": "https://registry.npm.alibaba-inc.com/raw-body/download/raw-body-2.4.0.tgz",
      "integrity": "sha1-oc5vucm8NWylLoklarWQWeE9AzI=",
      "dev": true,
      "requires": {
        "bytes": "3.1.0",
        "http-errors": "1.7.2",
        "iconv-lite": "0.4.24",
        "unpipe": "1.0.0"
      }
    },
    "react": {
      "version": "16.8.6",
      "resolved": "https://registry.npm.alibaba-inc.com/react/download/react-16.8.6.tgz",
      "integrity": "sha1-rWw6lhT9Ok6e9REX9U2IjaAfK74=",
      "dev": true,
      "requires": {
        "loose-envify": "^1.1.0",
        "object-assign": "^4.1.1",
        "prop-types": "^15.6.2",
        "scheduler": "^0.13.6"
      }
    },
    "react-dock-panel": {
      "version": "1.0.9",
      "resolved": "https://registry.npm.alibaba-inc.com/react-dock-panel/download/react-dock-panel-1.0.9.tgz",
      "integrity": "sha1-OSYDkjUz6xzRqeTbIFJ53BfZGjI=",
      "dev": true
    },
    "react-dom": {
      "version": "16.8.6",
      "resolved": "https://registry.npm.alibaba-inc.com/react-dom/download/react-dom-16.8.6.tgz",
      "integrity": "sha1-cdYwP2MeiwCX9WFl72CPBR/24Q8=",
      "dev": true,
      "requires": {
        "loose-envify": "^1.1.0",
        "object-assign": "^4.1.1",
        "prop-types": "^15.6.2",
        "scheduler": "^0.13.6"
      }
    },
    "react-is": {
      "version": "16.8.6",
      "resolved": "https://registry.npm.alibaba-inc.com/react-is/download/react-is-16.8.6.tgz",
      "integrity": "sha1-W7weLSkUHJ+9/tRWND/ivEMKahY=",
      "dev": true
    },
    "react-monaco-editor": {
      "version": "0.14.1",
      "resolved": "https://registry.npm.alibaba-inc.com/react-monaco-editor/download/react-monaco-editor-0.14.1.tgz",
      "integrity": "sha1-9RY+EZ6KfcebmSyz/Xr4h1R9fv0=",
      "dev": true,
      "requires": {
        "monaco-editor": "^0.10.0",
        "prop-types": "^15.5.10"
      },
      "dependencies": {
        "monaco-editor": {
          "version": "0.10.1",
          "resolved": "https://registry.npm.alibaba-inc.com/monaco-editor/download/monaco-editor-0.10.1.tgz",
          "integrity": "sha1-jJbE8VtrUli/ksvek8rYp+MAfhQ=",
          "dev": true
        }
      }
    },
    "require-dir": {
      "version": "1.2.0",
      "resolved": "https://registry.npm.alibaba-inc.com/require-dir/download/require-dir-1.2.0.tgz",
      "integrity": "sha1-DUQ7delgEtPKdJzxn1KaeJrnSBc=",
      "dev": true
    },
    "resolve-path": {
      "version": "1.4.0",
      "resolved": "https://registry.npm.alibaba-inc.com/resolve-path/download/resolve-path-1.4.0.tgz",
      "integrity": "sha1-xL2p9e+y/OZSR4c6s2u02DT+Fvc=",
      "dev": true,
      "requires": {
        "http-errors": "~1.6.2",
        "path-is-absolute": "1.0.1"
      },
      "dependencies": {
        "http-errors": {
          "version": "1.6.3",
          "resolved": "https://registry.npm.alibaba-inc.com/http-errors/download/http-errors-1.6.3.tgz",
          "integrity": "sha1-i1VoC7S+KDoLW/TqLjhYC+HZMg0=",
          "dev": true,
          "requires": {
            "depd": "~1.1.2",
            "inherits": "2.0.3",
            "setprototypeof": "1.1.0",
            "statuses": ">= 1.4.0 < 2"
          }
        },
        "setprototypeof": {
          "version": "1.1.0",
          "resolved": "https://registry.npm.alibaba-inc.com/setprototypeof/download/setprototypeof-1.1.0.tgz",
          "integrity": "sha1-0L2FU2iHtv58DYGMuWLZ2RxU5lY=",
          "dev": true
        }
      }
    },
    "safe-buffer": {
      "version": "5.1.2",
      "resolved": "https://registry.npm.alibaba-inc.com/safe-buffer/download/safe-buffer-5.1.2.tgz",
      "integrity": "sha1-mR7GnSluAxN0fVm9/St0XDX4go0=",
      "dev": true
    },
    "safer-buffer": {
      "version": "2.1.2",
      "resolved": "https://registry.npm.alibaba-inc.com/safer-buffer/download/safer-buffer-2.1.2.tgz",
      "integrity": "sha1-RPoWGwGHuVSd2Eu5GAL5vYOFzWo=",
      "dev": true
    },
    "scheduler": {
      "version": "0.13.6",
      "resolved": "https://registry.npm.alibaba-inc.com/scheduler/download/scheduler-0.13.6.tgz",
      "integrity": "sha1-RmpOwzJGezGpG5v3TlNHBy5M2Ik=",
      "dev": true,
      "requires": {
        "loose-envify": "^1.1.0",
        "object-assign": "^4.1.1"
      }
    },
    "send": {
      "version": "0.17.1",
      "resolved": "https://registry.npm.alibaba-inc.com/send/download/send-0.17.1.tgz",
      "integrity": "sha1-wdiwWfeQD3Rm3Uk4vcROEd2zdsg=",
      "dev": true,
      "requires": {
        "debug": "2.6.9",
        "depd": "~1.1.2",
        "destroy": "~1.0.4",
        "encodeurl": "~1.0.2",
        "escape-html": "~1.0.3",
        "etag": "~1.8.1",
        "fresh": "0.5.2",
        "http-errors": "~1.7.2",
        "mime": "1.6.0",
        "ms": "2.1.1",
        "on-finished": "~2.3.0",
        "range-parser": "~1.2.1",
        "statuses": "~1.5.0"
      },
      "dependencies": {
        "debug": {
          "version": "2.6.9",
          "resolved": "https://registry.npm.alibaba-inc.com/debug/download/debug-2.6.9.tgz",
          "integrity": "sha1-XRKFFd8TT/Mn6QpMk/Tgd6U2NB8=",
          "dev": true,
          "requires": {
            "ms": "2.0.0"
          },
          "dependencies": {
            "ms": {
              "version": "2.0.0",
              "resolved": "https://registry.npm.alibaba-inc.com/ms/download/ms-2.0.0.tgz",
              "integrity": "sha1-VgiurfwAvmwpAd9fmGF4jeDVl8g=",
              "dev": true
            }
          }
        },
        "ms": {
          "version": "2.1.1",
          "resolved": "https://registry.npm.alibaba-inc.com/ms/download/ms-2.1.1.tgz",
          "integrity": "sha1-MKWGTrPrsKZvLr5tcnrwagnYbgo=",
          "dev": true
        }
      }
    },
    "serve-static": {
      "version": "1.14.1",
      "resolved": "https://registry.npm.alibaba-inc.com/serve-static/download/serve-static-1.14.1.tgz",
      "integrity": "sha1-Zm5jbcTwEPfvKZcKiKZ0MgiYsvk=",
      "dev": true,
      "requires": {
        "encodeurl": "~1.0.2",
        "escape-html": "~1.0.3",
        "parseurl": "~1.3.3",
        "send": "0.17.1"
      }
    },
    "setprototypeof": {
      "version": "1.1.1",
      "resolved": "https://registry.npm.alibaba-inc.com/setprototypeof/download/setprototypeof-1.1.1.tgz",
      "integrity": "sha1-fpWsskqpL1iF4KvvW6ExMw1K5oM=",
      "dev": true
    },
    "sprintf-js": {
      "version": "1.0.3",
      "resolved": "https://registry.npm.alibaba-inc.com/sprintf-js/download/sprintf-js-1.0.3.tgz",
      "integrity": "sha1-BOaSb2YolTVPPdAVIDYzuFcpfiw=",
      "dev": true
    },
    "statuses": {
      "version": "1.5.0",
      "resolved": "https://registry.npm.alibaba-inc.com/statuses/download/statuses-1.5.0.tgz",
      "integrity": "sha1-Fhx9rBd2Wf2YEfQ3cfqZOBR4Yow=",
      "dev": true
    },
    "thenify": {
      "version": "3.3.0",
      "resolved": "https://registry.npm.alibaba-inc.com/thenify/download/thenify-3.3.0.tgz",
      "integrity": "sha1-5p44obq+lpsBCCB5eLn2K4hgSDk=",
      "dev": true,
      "requires": {
        "any-promise": "^1.0.0"
      }
    },
    "thenify-all": {
      "version": "1.6.0",
      "resolved": "https://registry.npm.alibaba-inc.com/thenify-all/download/thenify-all-1.6.0.tgz",
      "integrity": "sha1-GhkY1ALY/D+Y+/I02wvMjMEOlyY=",
      "dev": true,
      "requires": {
        "thenify": ">= 3.1.0 < 4"
      }
    },
    "toidentifier": {
      "version": "1.0.0",
      "resolved": "https://registry.npm.alibaba-inc.com/toidentifier/download/toidentifier-1.0.0.tgz",
      "integrity": "sha1-fhvjRw8ed5SLxD2Uo8j013UrpVM=",
      "dev": true
    },
    "type-is": {
      "version": "1.6.18",
      "resolved": "https://registry.npm.alibaba-inc.com/type-is/download/type-is-1.6.18.tgz",
      "integrity": "sha1-TlUs0F3wlGfcvE73Od6J8s83wTE=",
      "dev": true,
      "requires": {
        "media-typer": "0.3.0",
        "mime-types": "~2.1.24"
      }
    },
    "unpipe": {
      "version": "1.0.0",
      "resolved": "http://registry.npm.alibaba-inc.com/unpipe/download/unpipe-1.0.0.tgz",
      "integrity": "sha1-sr9O6FFKrmFltIF4KdIbLvSZBOw=",
      "dev": true
    },
    "urijs": {
      "version": "1.19.1",
      "resolved": "https://registry.npm.alibaba-inc.com/urijs/download/urijs-1.19.1.tgz",
      "integrity": "sha1-Ww/1MMDL3oOG9jQiNbpcpumV0lo=",
      "dev": true
    },
    "utils-merge": {
      "version": "1.0.1",
      "resolved": "http://registry.npm.alibaba-inc.com/utils-merge/download/utils-merge-1.0.1.tgz",
      "integrity": "sha1-n5VxD1CiZ5R7LMwSR0HBAoQn5xM=",
      "dev": true
    },
    "vary": {
      "version": "1.1.2",
      "resolved": "https://registry.npm.alibaba-inc.com/vary/download/vary-1.1.2.tgz",
      "integrity": "sha1-IpnwLG3tMNSllhsLn3RSShj2NPw=",
      "dev": true
    },
    "yamlql": {
      "version": "0.2.13",
      "resolved": "https://registry.npm.alibaba-inc.com/yamlql/download/yamlql-0.2.13.tgz",
      "integrity": "sha1-OxJ4dDx/g6noOcVNGtlX1lW/Wpk=",
      "dev": true,
      "requires": {
        "debug": "^3.1.0",
        "js-yaml": "^3.10.0",
        "ntils": "^4.0.4"
      },
      "dependencies": {
        "ntils": {
          "version": "4.0.8",
          "resolved": "https://registry.npm.alibaba-inc.com/ntils/download/ntils-4.0.8.tgz",
          "integrity": "sha1-kyfuZM8SKErc5hCrfZlQ9G+Rm/I=",
          "dev": true,
          "requires": {
            "dify": "^1.0.2"
          }
        }
      }
    },
    "yamlql-client": {
      "version": "1.1.2",
      "resolved": "https://registry.npm.alibaba-inc.com/yamlql-client/download/yamlql-client-1.1.2.tgz",
      "integrity": "sha1-lT+kAnidxes6UmlsgIoch3H9OWY=",
      "dev": true,
      "requires": {
        "axios": "^0.18.0",
        "debug": "^3.1.0",
        "express": "^4.16.2",
        "ntils": "^4.0.0"
      },
      "dependencies": {
        "ntils": {
          "version": "4.0.8",
          "resolved": "https://registry.npm.alibaba-inc.com/ntils/download/ntils-4.0.8.tgz",
          "integrity": "sha1-kyfuZM8SKErc5hCrfZlQ9G+Rm/I=",
          "dev": true,
          "requires": {
            "dify": "^1.0.2"
          }
        }
      }
    },
    "yamlql-inspector": {
      "version": "1.1.4",
      "resolved": "https://registry.npm.alibaba-inc.com/yamlql-inspector/download/yamlql-inspector-1.1.4.tgz",
      "integrity": "sha1-0vP3FjOmyO+YAki3EaFkpd53To4=",
      "dev": true,
      "requires": {
        "@types/axios": "^0.14.0",
        "@types/classnames": "^2.2.3",
        "@types/react": "^16.0.5",
        "@types/react-dom": "^16.0.5",
        "@types/react-monaco-editor": "^0.10.1",
        "axios": "^0.18.0",
        "classnames": "^2.2.5",
        "font-awesome": "^4.7.0",
        "monaco-editor": "^0.12.0",
        "mota": "^0.6.0",
        "react": "^16.3.2",
        "react-dock-panel": "^1.0.9",
        "react-dom": "^16.3.2",
        "react-monaco-editor": "^0.14.1"
      }
    },
    "yamlql-koa": {
      "version": "2.0.3",
      "resolved": "https://registry.npm.alibaba-inc.com/yamlql-koa/download/yamlql-koa-2.0.3.tgz",
      "integrity": "sha1-46aU7gfXmE5ZWgVE8O5PlE8+X0M=",
      "dev": true,
      "requires": {
        "body-parser": "^1.18.2",
        "debug": "^3.1.0",
        "express": "^4.16.2",
        "impress-router": "^1.5.0",
        "koa": "^2.6.2",
        "koa-bodyparser": "^4.2.0",
        "koa-router": "^7.4.0",
        "koa-send": "^4.1.3",
        "koa-static": "^4.0.2",
        "ntils": "^4.0.0",
        "require-dir": "^1.0.0",
        "yamlql": "^0.2.2",
        "yamlql-inspector": "^1.0.0"
      },
      "dependencies": {
        "ntils": {
          "version": "4.0.8",
          "resolved": "https://registry.npm.alibaba-inc.com/ntils/download/ntils-4.0.8.tgz",
          "integrity": "sha1-kyfuZM8SKErc5hCrfZlQ9G+Rm/I=",
          "dev": true,
          "requires": {
            "dify": "^1.0.2"
          }
        }
      }
    },
    "ylru": {
      "version": "1.2.1",
      "resolved": "https://registry.npm.alibaba-inc.com/ylru/download/ylru-1.2.1.tgz",
      "integrity": "sha1-9Xa2M0FUeYnB3nuiiHYJI7J/6E8=",
      "dev": true
    }
  }
}
