{
  "name": "@ali/dn-middleware-webpack4",
  "version": "1.0.51",
  "lockfileVersion": 1,
  "requires": true,
  "dependencies": {
    "dn-middleware-pkginfo": {
      "version": "1.1.2",
      "resolved": "http://registry.npm.taobao.org/dn-middleware-pkginfo/download/dn-middleware-pkginfo-1.1.2.tgz",
      "integrity": "sha1-gEYJAivrmpxTBT3Ind+S3zTD/j0=",
      "dev": true
    },
    "hash-sum": {
      "version": "2.0.0",
      "resolved": "https://registry.npm.alibaba-inc.com/hash-sum/download/hash-sum-2.0.0.tgz",
      "integrity": "sha1-gdAbtd6OpKIUrV1urRtSNGCwtFo="
    }
  }
}
